
Microsoft Visual Studio Solution File, Format Version 12.00
# Visual Studio 15
VisualStudioVersion = 15.0.26730.10
MinimumVisualStudioVersion = 10.0.40219.1

Project("{6EC3EE1D-3C4E-46DD-8F32-0CC8E7565705}") = "SaunApp", "SaunApp\SaunApp.fsproj", "{49104A98-1ADA-48D4-92AE-39E890E2B340}"
EndProject

Project("{F2A71F9B-5D33-465A-A702-920D77279786}") = "SaunApp.Android", "SaunApp.Android\SaunApp.Android.fsproj", "{C4797A3F-CBBB-4C71-9F41-1C0FBF4AE7B4}"
EndProject


Project("{F2A71F9B-5D33-465A-A702-920D77279786}") = "SaunApp.iOS", "SaunApp.iOS\SaunApp.iOS.fsproj", "{C3F97605-9B8D-4E2D-A043-6D0E17FA22EA}"
EndProject


Project("{F2A71F9B-5D33-465A-A702-920D77279786}") = "SaunApp.WPF", "SaunApp.WPF\SaunApp.WPF.fsproj", "{5549D54B-69D8-4322-B96E-985C85897AA8}"
EndProject

Project("{FAE04EC0-301F-11D3-BF4B-00C04F79EFBC}") = "SaunApp.UWP", "SaunApp.UWP\SaunApp.UWP.csproj", "{2F182862-A10B-4E4C-886F-4EB48154B47A}"
EndProject

Global
	GlobalSection(SolutionConfigurationPlatforms) = preSolution
		Ad-Hoc|Any CPU = Ad-Hoc|Any CPU
		Ad-Hoc|ARM = Ad-Hoc|ARM
		Ad-Hoc|iPhone = Ad-Hoc|iPhone
		Ad-Hoc|iPhoneSimulator = Ad-Hoc|iPhoneSimulator
		Ad-Hoc|x64 = Ad-Hoc|x64
		Ad-Hoc|x86 = Ad-Hoc|x86
		AppStore|Any CPU = AppStore|Any CPU
		AppStore|ARM = AppStore|ARM
		AppStore|iPhone = AppStore|iPhone
		AppStore|iPhoneSimulator = AppStore|iPhoneSimulator
		AppStore|x64 = AppStore|x64
		AppStore|x86 = AppStore|x86
		Debug|Any CPU = Debug|Any CPU
		Debug|ARM = Debug|ARM
		Debug|iPhone = Debug|iPhone
		Debug|iPhoneSimulator = Debug|iPhoneSimulator
		Debug|x64 = Debug|x64
		Debug|x86 = Debug|x86
		Release|Any CPU = Release|Any CPU
		Release|ARM = Release|ARM
		Release|iPhone = Release|iPhone
		Release|iPhoneSimulator = Release|iPhoneSimulator
		Release|x64 = Release|x64
		Release|x86 = Release|x86
	EndGlobalSection
	GlobalSection(ProjectConfigurationPlatforms) = postSolution
		{49104A98-1ADA-48D4-92AE-39E890E2B340}.Ad-Hoc|Any CPU.ActiveCfg = Debug|Any CPU
		{49104A98-1ADA-48D4-92AE-39E890E2B340}.Ad-Hoc|Any CPU.Build.0 = Debug|Any CPU
		{49104A98-1ADA-48D4-92AE-39E890E2B340}.Ad-Hoc|ARM.ActiveCfg = Debug|Any CPU
		{49104A98-1ADA-48D4-92AE-39E890E2B340}.Ad-Hoc|ARM.Build.0 = Debug|Any CPU
		{49104A98-1ADA-48D4-92AE-39E890E2B340}.Ad-Hoc|iPhone.ActiveCfg = Debug|Any CPU
		{49104A98-1ADA-48D4-92AE-39E890E2B340}.Ad-Hoc|iPhone.Build.0 = Debug|Any CPU
		{49104A98-1ADA-48D4-92AE-39E890E2B340}.Ad-Hoc|iPhoneSimulator.ActiveCfg = Debug|Any CPU
		{49104A98-1ADA-48D4-92AE-39E890E2B340}.Ad-Hoc|iPhoneSimulator.Build.0 = Debug|Any CPU
		{49104A98-1ADA-48D4-92AE-39E890E2B340}.Ad-Hoc|x64.ActiveCfg = Debug|Any CPU
		{49104A98-1ADA-48D4-92AE-39E890E2B340}.Ad-Hoc|x64.Build.0 = Debug|Any CPU
		{49104A98-1ADA-48D4-92AE-39E890E2B340}.Ad-Hoc|x86.ActiveCfg = Debug|Any CPU
		{49104A98-1ADA-48D4-92AE-39E890E2B340}.Ad-Hoc|x86.Build.0 = Debug|Any CPU
		{49104A98-1ADA-48D4-92AE-39E890E2B340}.AppStore|Any CPU.ActiveCfg = Debug|Any CPU
		{49104A98-1ADA-48D4-92AE-39E890E2B340}.AppStore|Any CPU.Build.0 = Debug|Any CPU
		{49104A98-1ADA-48D4-92AE-39E890E2B340}.AppStore|ARM.ActiveCfg = Debug|Any CPU
		{49104A98-1ADA-48D4-92AE-39E890E2B340}.AppStore|ARM.Build.0 = Debug|Any CPU
		{49104A98-1ADA-48D4-92AE-39E890E2B340}.AppStore|iPhone.ActiveCfg = Debug|Any CPU
		{49104A98-1ADA-48D4-92AE-39E890E2B340}.AppStore|iPhone.Build.0 = Debug|Any CPU
		{49104A98-1ADA-48D4-92AE-39E890E2B340}.AppStore|iPhoneSimulator.ActiveCfg = Debug|Any CPU
		{49104A98-1ADA-48D4-92AE-39E890E2B340}.AppStore|iPhoneSimulator.Build.0 = Debug|Any CPU
		{49104A98-1ADA-48D4-92AE-39E890E2B340}.AppStore|x64.ActiveCfg = Debug|Any CPU
		{49104A98-1ADA-48D4-92AE-39E890E2B340}.AppStore|x64.Build.0 = Debug|Any CPU
		{49104A98-1ADA-48D4-92AE-39E890E2B340}.AppStore|x86.ActiveCfg = Debug|Any CPU
		{49104A98-1ADA-48D4-92AE-39E890E2B340}.AppStore|x86.Build.0 = Debug|Any CPU
		{49104A98-1ADA-48D4-92AE-39E890E2B340}.Debug|Any CPU.ActiveCfg = Debug|Any CPU
		{49104A98-1ADA-48D4-92AE-39E890E2B340}.Debug|Any CPU.Build.0 = Debug|Any CPU
		{49104A98-1ADA-48D4-92AE-39E890E2B340}.Debug|ARM.ActiveCfg = Debug|Any CPU
		{49104A98-1ADA-48D4-92AE-39E890E2B340}.Debug|ARM.Build.0 = Debug|Any CPU
		{49104A98-1ADA-48D4-92AE-39E890E2B340}.Debug|iPhone.ActiveCfg = Debug|Any CPU
		{49104A98-1ADA-48D4-92AE-39E890E2B340}.Debug|iPhone.Build.0 = Debug|Any CPU
		{49104A98-1ADA-48D4-92AE-39E890E2B340}.Debug|iPhoneSimulator.ActiveCfg = Debug|Any CPU
		{49104A98-1ADA-48D4-92AE-39E890E2B340}.Debug|iPhoneSimulator.Build.0 = Debug|Any CPU
		{49104A98-1ADA-48D4-92AE-39E890E2B340}.Debug|x64.ActiveCfg = Debug|Any CPU
		{49104A98-1ADA-48D4-92AE-39E890E2B340}.Debug|x64.Build.0 = Debug|Any CPU
		{49104A98-1ADA-48D4-92AE-39E890E2B340}.Debug|x86.ActiveCfg = Debug|Any CPU
		{49104A98-1ADA-48D4-92AE-39E890E2B340}.Debug|x86.Build.0 = Debug|Any CPU
		{49104A98-1ADA-48D4-92AE-39E890E2B340}.Release|Any CPU.ActiveCfg = Release|Any CPU
		{49104A98-1ADA-48D4-92AE-39E890E2B340}.Release|Any CPU.Build.0 = Release|Any CPU
		{49104A98-1ADA-48D4-92AE-39E890E2B340}.Release|ARM.ActiveCfg = Release|Any CPU
		{49104A98-1ADA-48D4-92AE-39E890E2B340}.Release|ARM.Build.0 = Release|Any CPU
		{49104A98-1ADA-48D4-92AE-39E890E2B340}.Release|iPhone.ActiveCfg = Release|Any CPU
		{49104A98-1ADA-48D4-92AE-39E890E2B340}.Release|iPhone.Build.0 = Release|Any CPU
		{49104A98-1ADA-48D4-92AE-39E890E2B340}.Release|iPhoneSimulator.ActiveCfg = Release|Any CPU
		{49104A98-1ADA-48D4-92AE-39E890E2B340}.Release|iPhoneSimulator.Build.0 = Release|Any CPU
		{49104A98-1ADA-48D4-92AE-39E890E2B340}.Release|x64.ActiveCfg = Release|Any CPU
		{49104A98-1ADA-48D4-92AE-39E890E2B340}.Release|x64.Build.0 = Release|Any CPU
		{49104A98-1ADA-48D4-92AE-39E890E2B340}.Release|x86.ActiveCfg = Release|Any CPU
		{49104A98-1ADA-48D4-92AE-39E890E2B340}.Release|x86.Build.0 = Release|Any CPU
		{C3F97605-9B8D-4E2D-A043-6D0E17FA22EA}.Ad-Hoc|Any CPU.ActiveCfg = Ad-Hoc|iPhone
		{C3F97605-9B8D-4E2D-A043-6D0E17FA22EA}.Ad-Hoc|ARM.ActiveCfg = Ad-Hoc|iPhone
		{C3F97605-9B8D-4E2D-A043-6D0E17FA22EA}.Ad-Hoc|iPhone.ActiveCfg = Ad-Hoc|iPhone
		{C3F97605-9B8D-4E2D-A043-6D0E17FA22EA}.Ad-Hoc|iPhone.Build.0 = Ad-Hoc|iPhone
		{C3F97605-9B8D-4E2D-A043-6D0E17FA22EA}.Ad-Hoc|iPhoneSimulator.ActiveCfg = Ad-Hoc|iPhoneSimulator
		{C3F97605-9B8D-4E2D-A043-6D0E17FA22EA}.Ad-Hoc|iPhoneSimulator.Build.0 = Ad-Hoc|iPhoneSimulator
		{C3F97605-9B8D-4E2D-A043-6D0E17FA22EA}.Ad-Hoc|x64.ActiveCfg = Ad-Hoc|iPhone
		{C3F97605-9B8D-4E2D-A043-6D0E17FA22EA}.Ad-Hoc|x86.ActiveCfg = Ad-Hoc|iPhone
		{C3F97605-9B8D-4E2D-A043-6D0E17FA22EA}.AppStore|Any CPU.ActiveCfg = AppStore|iPhone
		{C3F97605-9B8D-4E2D-A043-6D0E17FA22EA}.AppStore|ARM.ActiveCfg = AppStore|iPhone
		{C3F97605-9B8D-4E2D-A043-6D0E17FA22EA}.AppStore|iPhone.ActiveCfg = AppStore|iPhone
		{C3F97605-9B8D-4E2D-A043-6D0E17FA22EA}.AppStore|iPhone.Build.0 = AppStore|iPhone
		{C3F97605-9B8D-4E2D-A043-6D0E17FA22EA}.AppStore|iPhoneSimulator.ActiveCfg = AppStore|iPhoneSimulator
		{C3F97605-9B8D-4E2D-A043-6D0E17FA22EA}.AppStore|iPhoneSimulator.Build.0 = AppStore|iPhoneSimulator
		{C3F97605-9B8D-4E2D-A043-6D0E17FA22EA}.AppStore|x64.ActiveCfg = AppStore|iPhone
		{C3F97605-9B8D-4E2D-A043-6D0E17FA22EA}.AppStore|x86.ActiveCfg = AppStore|iPhone
		{C3F97605-9B8D-4E2D-A043-6D0E17FA22EA}.Debug|Any CPU.ActiveCfg = Debug|iPhone
		{C3F97605-9B8D-4E2D-A043-6D0E17FA22EA}.Debug|ARM.ActiveCfg = Debug|iPhone
		{C3F97605-9B8D-4E2D-A043-6D0E17FA22EA}.Debug|iPhone.ActiveCfg = Debug|iPhone
		{C3F97605-9B8D-4E2D-A043-6D0E17FA22EA}.Debug|iPhone.Build.0 = Debug|iPhone
		{C3F97605-9B8D-4E2D-A043-6D0E17FA22EA}.Debug|iPhoneSimulator.ActiveCfg = Debug|iPhoneSimulator
		{C3F97605-9B8D-4E2D-A043-6D0E17FA22EA}.Debug|iPhoneSimulator.Build.0 = Debug|iPhoneSimulator
		{C3F97605-9B8D-4E2D-A043-6D0E17FA22EA}.Debug|x64.ActiveCfg = Debug|iPhone
		{C3F97605-9B8D-4E2D-A043-6D0E17FA22EA}.Debug|x86.ActiveCfg = Debug|iPhone
		{C3F97605-9B8D-4E2D-A043-6D0E17FA22EA}.Release|Any CPU.ActiveCfg = Release|iPhone
		{C3F97605-9B8D-4E2D-A043-6D0E17FA22EA}.Release|ARM.ActiveCfg = Release|iPhone
		{C3F97605-9B8D-4E2D-A043-6D0E17FA22EA}.Release|iPhone.ActiveCfg = Release|iPhone
		{C3F97605-9B8D-4E2D-A043-6D0E17FA22EA}.Release|iPhone.Build.0 = Release|iPhone
		{C3F97605-9B8D-4E2D-A043-6D0E17FA22EA}.Release|iPhoneSimulator.ActiveCfg = Release|iPhoneSimulator
		{C3F97605-9B8D-4E2D-A043-6D0E17FA22EA}.Release|iPhoneSimulator.Build.0 = Release|iPhoneSimulator
		{C3F97605-9B8D-4E2D-A043-6D0E17FA22EA}.Release|x64.ActiveCfg = Release|iPhone
		{C3F97605-9B8D-4E2D-A043-6D0E17FA22EA}.Release|x86.ActiveCfg = Release|iPhone
		{49A30DC6-E760-4837-9D96-91A477BA48B4}.Ad-Hoc|Any CPU.ActiveCfg = Release|x86
		{49A30DC6-E760-4837-9D96-91A477BA48B4}.Ad-Hoc|Any CPU.Build.0 = Release|x86
		{49A30DC6-E760-4837-9D96-91A477BA48B4}.Ad-Hoc|Any CPU.Deploy.0 = Release|x86
		{49A30DC6-E760-4837-9D96-91A477BA48B4}.Ad-Hoc|ARM.ActiveCfg = Release|ARM
		{49A30DC6-E760-4837-9D96-91A477BA48B4}.Ad-Hoc|ARM.Build.0 = Release|ARM
		{49A30DC6-E760-4837-9D96-91A477BA48B4}.Ad-Hoc|ARM.Deploy.0 = Release|ARM
		{49A30DC6-E760-4837-9D96-91A477BA48B4}.Ad-Hoc|iPhone.ActiveCfg = Release|x86
		{49A30DC6-E760-4837-9D96-91A477BA48B4}.Ad-Hoc|iPhone.Build.0 = Release|x86
		{49A30DC6-E760-4837-9D96-91A477BA48B4}.Ad-Hoc|iPhone.Deploy.0 = Release|x86
		{49A30DC6-E760-4837-9D96-91A477BA48B4}.Ad-Hoc|iPhoneSimulator.ActiveCfg = Release|x86
		{49A30DC6-E760-4837-9D96-91A477BA48B4}.Ad-Hoc|iPhoneSimulator.Build.0 = Release|x86
		{49A30DC6-E760-4837-9D96-91A477BA48B4}.Ad-Hoc|iPhoneSimulator.Deploy.0 = Release|x86
		{49A30DC6-E760-4837-9D96-91A477BA48B4}.Ad-Hoc|x64.ActiveCfg = Release|x64
		{49A30DC6-E760-4837-9D96-91A477BA48B4}.Ad-Hoc|x64.Build.0 = Release|x64
		{49A30DC6-E760-4837-9D96-91A477BA48B4}.Ad-Hoc|x64.Deploy.0 = Release|x64
		{49A30DC6-E760-4837-9D96-91A477BA48B4}.Ad-Hoc|x86.ActiveCfg = Release|x86
		{49A30DC6-E760-4837-9D96-91A477BA48B4}.Ad-Hoc|x86.Build.0 = Release|x86
		{49A30DC6-E760-4837-9D96-91A477BA48B4}.Ad-Hoc|x86.Deploy.0 = Release|x86
		{49A30DC6-E760-4837-9D96-91A477BA48B4}.AppStore|Any CPU.ActiveCfg = Release|x86
		{49A30DC6-E760-4837-9D96-91A477BA48B4}.AppStore|Any CPU.Build.0 = Release|x86
		{49A30DC6-E760-4837-9D96-91A477BA48B4}.AppStore|Any CPU.Deploy.0 = Release|x86
		{49A30DC6-E760-4837-9D96-91A477BA48B4}.AppStore|ARM.ActiveCfg = Release|ARM
		{49A30DC6-E760-4837-9D96-91A477BA48B4}.AppStore|ARM.Build.0 = Release|ARM
		{49A30DC6-E760-4837-9D96-91A477BA48B4}.AppStore|ARM.Deploy.0 = Release|ARM
		{49A30DC6-E760-4837-9D96-91A477BA48B4}.AppStore|iPhone.ActiveCfg = Release|x86
		{49A30DC6-E760-4837-9D96-91A477BA48B4}.AppStore|iPhone.Build.0 = Release|x86
		{49A30DC6-E760-4837-9D96-91A477BA48B4}.AppStore|iPhone.Deploy.0 = Release|x86
		{49A30DC6-E760-4837-9D96-91A477BA48B4}.AppStore|iPhoneSimulator.ActiveCfg = Release|x86
		{49A30DC6-E760-4837-9D96-91A477BA48B4}.AppStore|iPhoneSimulator.Build.0 = Release|x86
		{49A30DC6-E760-4837-9D96-91A477BA48B4}.AppStore|iPhoneSimulator.Deploy.0 = Release|x86
		{49A30DC6-E760-4837-9D96-91A477BA48B4}.AppStore|x64.ActiveCfg = Release|x64
		{49A30DC6-E760-4837-9D96-91A477BA48B4}.AppStore|x64.Build.0 = Release|x64
		{49A30DC6-E760-4837-9D96-91A477BA48B4}.AppStore|x64.Deploy.0 = Release|x64
		{49A30DC6-E760-4837-9D96-91A477BA48B4}.AppStore|x86.ActiveCfg = Release|x86
		{49A30DC6-E760-4837-9D96-91A477BA48B4}.AppStore|x86.Build.0 = Release|x86
		{49A30DC6-E760-4837-9D96-91A477BA48B4}.AppStore|x86.Deploy.0 = Release|x86
		{49A30DC6-E760-4837-9D96-91A477BA48B4}.Debug|Any CPU.ActiveCfg = Debug|x86
		{49A30DC6-E760-4837-9D96-91A477BA48B4}.Debug|ARM.ActiveCfg = Debug|ARM
		{49A30DC6-E760-4837-9D96-91A477BA48B4}.Debug|ARM.Build.0 = Debug|ARM
		{49A30DC6-E760-4837-9D96-91A477BA48B4}.Debug|ARM.Deploy.0 = Debug|ARM
		{49A30DC6-E760-4837-9D96-91A477BA48B4}.Debug|iPhone.ActiveCfg = Debug|x86
		{49A30DC6-E760-4837-9D96-91A477BA48B4}.Debug|iPhoneSimulator.ActiveCfg = Debug|x86
		{49A30DC6-E760-4837-9D96-91A477BA48B4}.Debug|x64.ActiveCfg = Debug|x64
		{49A30DC6-E760-4837-9D96-91A477BA48B4}.Debug|x64.Build.0 = Debug|x64
		{49A30DC6-E760-4837-9D96-91A477BA48B4}.Debug|x64.Deploy.0 = Debug|x64
		{49A30DC6-E760-4837-9D96-91A477BA48B4}.Debug|x86.ActiveCfg = Debug|x86
		{49A30DC6-E760-4837-9D96-91A477BA48B4}.Debug|x86.Build.0 = Debug|x86
		{49A30DC6-E760-4837-9D96-91A477BA48B4}.Debug|x86.Deploy.0 = Debug|x86
		{49A30DC6-E760-4837-9D96-91A477BA48B4}.Release|Any CPU.ActiveCfg = Release|x86
		{49A30DC6-E760-4837-9D96-91A477BA48B4}.Release|ARM.ActiveCfg = Release|ARM
		{49A30DC6-E760-4837-9D96-91A477BA48B4}.Release|ARM.Build.0 = Release|ARM
		{49A30DC6-E760-4837-9D96-91A477BA48B4}.Release|ARM.Deploy.0 = Release|ARM
		{49A30DC6-E760-4837-9D96-91A477BA48B4}.Release|iPhone.ActiveCfg = Release|x86
		{49A30DC6-E760-4837-9D96-91A477BA48B4}.Release|iPhoneSimulator.ActiveCfg = Release|x86
		{49A30DC6-E760-4837-9D96-91A477BA48B4}.Release|x64.ActiveCfg = Release|x64
		{49A30DC6-E760-4837-9D96-91A477BA48B4}.Release|x64.Build.0 = Release|x64
		{49A30DC6-E760-4837-9D96-91A477BA48B4}.Release|x64.Deploy.0 = Release|x64
		{49A30DC6-E760-4837-9D96-91A477BA48B4}.Release|x86.ActiveCfg = Release|x86
		{49A30DC6-E760-4837-9D96-91A477BA48B4}.Release|x86.Build.0 = Release|x86
		{49A30DC6-E760-4837-9D96-91A477BA48B4}.Release|x86.Deploy.0 = Release|x86
		{C704F5C7-1FD5-401D-BBAE-55EA5DEC02C9}.Ad-Hoc|Any CPU.ActiveCfg = Release|Any CPU
		{C704F5C7-1FD5-401D-BBAE-55EA5DEC02C9}.Ad-Hoc|Any CPU.Build.0 = Release|Any CPU
		{C704F5C7-1FD5-401D-BBAE-55EA5DEC02C9}.Ad-Hoc|ARM.ActiveCfg = Release|Any CPU
		{C704F5C7-1FD5-401D-BBAE-55EA5DEC02C9}.Ad-Hoc|ARM.Build.0 = Release|Any CPU
		{C704F5C7-1FD5-401D-BBAE-55EA5DEC02C9}.Ad-Hoc|iPhone.ActiveCfg = Release|Any CPU
		{C704F5C7-1FD5-401D-BBAE-55EA5DEC02C9}.Ad-Hoc|iPhone.Build.0 = Release|Any CPU
		{C704F5C7-1FD5-401D-BBAE-55EA5DEC02C9}.Ad-Hoc|iPhoneSimulator.ActiveCfg = Release|Any CPU
		{C704F5C7-1FD5-401D-BBAE-55EA5DEC02C9}.Ad-Hoc|iPhoneSimulator.Build.0 = Release|Any CPU
		{C704F5C7-1FD5-401D-BBAE-55EA5DEC02C9}.Ad-Hoc|x64.ActiveCfg = Release|Any CPU
		{C704F5C7-1FD5-401D-BBAE-55EA5DEC02C9}.Ad-Hoc|x64.Build.0 = Release|Any CPU
		{C704F5C7-1FD5-401D-BBAE-55EA5DEC02C9}.Ad-Hoc|x86.ActiveCfg = Release|Any CPU
		{C704F5C7-1FD5-401D-BBAE-55EA5DEC02C9}.Ad-Hoc|x86.Build.0 = Release|Any CPU
		{C704F5C7-1FD5-401D-BBAE-55EA5DEC02C9}.AppStore|Any CPU.ActiveCfg = Release|Any CPU
		{C704F5C7-1FD5-401D-BBAE-55EA5DEC02C9}.AppStore|Any CPU.Build.0 = Release|Any CPU
		{C704F5C7-1FD5-401D-BBAE-55EA5DEC02C9}.AppStore|ARM.ActiveCfg = Release|Any CPU
		{C704F5C7-1FD5-401D-BBAE-55EA5DEC02C9}.AppStore|ARM.Build.0 = Release|Any CPU
		{C704F5C7-1FD5-401D-BBAE-55EA5DEC02C9}.AppStore|iPhone.ActiveCfg = Release|Any CPU
		{C704F5C7-1FD5-401D-BBAE-55EA5DEC02C9}.AppStore|iPhone.Build.0 = Release|Any CPU
		{C704F5C7-1FD5-401D-BBAE-55EA5DEC02C9}.AppStore|iPhoneSimulator.ActiveCfg = Release|Any CPU
		{C704F5C7-1FD5-401D-BBAE-55EA5DEC02C9}.AppStore|iPhoneSimulator.Build.0 = Release|Any CPU
		{C704F5C7-1FD5-401D-BBAE-55EA5DEC02C9}.AppStore|x64.ActiveCfg = Release|Any CPU
		{C704F5C7-1FD5-401D-BBAE-55EA5DEC02C9}.AppStore|x64.Build.0 = Release|Any CPU
		{C704F5C7-1FD5-401D-BBAE-55EA5DEC02C9}.AppStore|x86.ActiveCfg = Release|Any CPU
		{C704F5C7-1FD5-401D-BBAE-55EA5DEC02C9}.AppStore|x86.Build.0 = Release|Any CPU
		{C704F5C7-1FD5-401D-BBAE-55EA5DEC02C9}.Debug|Any CPU.ActiveCfg = Debug|Any CPU
		{C704F5C7-1FD5-401D-BBAE-55EA5DEC02C9}.Debug|Any CPU.Build.0 = Debug|Any CPU
		{C704F5C7-1FD5-401D-BBAE-55EA5DEC02C9}.Debug|ARM.ActiveCfg = Debug|Any CPU
		{C704F5C7-1FD5-401D-BBAE-55EA5DEC02C9}.Debug|ARM.Build.0 = Debug|Any CPU
		{C704F5C7-1FD5-401D-BBAE-55EA5DEC02C9}.Debug|iPhone.ActiveCfg = Debug|Any CPU
		{C704F5C7-1FD5-401D-BBAE-55EA5DEC02C9}.Debug|iPhone.Build.0 = Debug|Any CPU
		{C704F5C7-1FD5-401D-BBAE-55EA5DEC02C9}.Debug|iPhoneSimulator.ActiveCfg = Debug|Any CPU
		{C704F5C7-1FD5-401D-BBAE-55EA5DEC02C9}.Debug|iPhoneSimulator.Build.0 = Debug|Any CPU
		{C704F5C7-1FD5-401D-BBAE-55EA5DEC02C9}.Debug|x64.ActiveCfg = Debug|Any CPU
		{C704F5C7-1FD5-401D-BBAE-55EA5DEC02C9}.Debug|x64.Build.0 = Debug|Any CPU
		{C704F5C7-1FD5-401D-BBAE-55EA5DEC02C9}.Debug|x86.ActiveCfg = Debug|Any CPU
		{C704F5C7-1FD5-401D-BBAE-55EA5DEC02C9}.Debug|x86.Build.0 = Debug|Any CPU
		{C704F5C7-1FD5-401D-BBAE-55EA5DEC02C9}.Release|Any CPU.ActiveCfg = Release|Any CPU
		{C704F5C7-1FD5-401D-BBAE-55EA5DEC02C9}.Release|Any CPU.Build.0 = Release|Any CPU
		{C704F5C7-1FD5-401D-BBAE-55EA5DEC02C9}.Release|ARM.ActiveCfg = Release|Any CPU
		{C704F5C7-1FD5-401D-BBAE-55EA5DEC02C9}.Release|ARM.Build.0 = Release|Any CPU
		{C704F5C7-1FD5-401D-BBAE-55EA5DEC02C9}.Release|iPhone.ActiveCfg = Release|Any CPU
		{C704F5C7-1FD5-401D-BBAE-55EA5DEC02C9}.Release|iPhone.Build.0 = Release|Any CPU
		{C704F5C7-1FD5-401D-BBAE-55EA5DEC02C9}.Release|iPhoneSimulator.ActiveCfg = Release|Any CPU
		{C704F5C7-1FD5-401D-BBAE-55EA5DEC02C9}.Release|iPhoneSimulator.Build.0 = Release|Any CPU
		{C704F5C7-1FD5-401D-BBAE-55EA5DEC02C9}.Release|x64.ActiveCfg = Release|Any CPU
		{C704F5C7-1FD5-401D-BBAE-55EA5DEC02C9}.Release|x64.Build.0 = Release|Any CPU
		{C704F5C7-1FD5-401D-BBAE-55EA5DEC02C9}.Release|x86.ActiveCfg = Release|Any CPU
		{C704F5C7-1FD5-401D-BBAE-55EA5DEC02C9}.Release|x86.Build.0 = Release|Any CPU
		{5549D54B-69D8-4322-B96E-985C85897AA8}.Ad-Hoc|Any CPU.ActiveCfg = Release|Any CPU
		{5549D54B-69D8-4322-B96E-985C85897AA8}.Ad-Hoc|Any CPU.Build.0 = Release|Any CPU
		{5549D54B-69D8-4322-B96E-985C85897AA8}.Ad-Hoc|ARM.ActiveCfg = Release|Any CPU
		{5549D54B-69D8-4322-B96E-985C85897AA8}.Ad-Hoc|ARM.Build.0 = Release|Any CPU
		{5549D54B-69D8-4322-B96E-985C85897AA8}.Ad-Hoc|iPhone.ActiveCfg = Release|Any CPU
		{5549D54B-69D8-4322-B96E-985C85897AA8}.Ad-Hoc|iPhone.Build.0 = Release|Any CPU
		{5549D54B-69D8-4322-B96E-985C85897AA8}.Ad-Hoc|iPhoneSimulator.ActiveCfg = Release|Any CPU
		{5549D54B-69D8-4322-B96E-985C85897AA8}.Ad-Hoc|iPhoneSimulator.Build.0 = Release|Any CPU
		{5549D54B-69D8-4322-B96E-985C85897AA8}.Ad-Hoc|x64.ActiveCfg = Release|Any CPU
		{5549D54B-69D8-4322-B96E-985C85897AA8}.Ad-Hoc|x64.Build.0 = Release|Any CPU
		{5549D54B-69D8-4322-B96E-985C85897AA8}.Ad-Hoc|x86.ActiveCfg = Release|Any CPU
		{5549D54B-69D8-4322-B96E-985C85897AA8}.Ad-Hoc|x86.Build.0 = Release|Any CPU
		{5549D54B-69D8-4322-B96E-985C85897AA8}.AppStore|Any CPU.ActiveCfg = Release|Any CPU
		{5549D54B-69D8-4322-B96E-985C85897AA8}.AppStore|Any CPU.Build.0 = Release|Any CPU
		{5549D54B-69D8-4322-B96E-985C85897AA8}.AppStore|ARM.ActiveCfg = Release|Any CPU
		{5549D54B-69D8-4322-B96E-985C85897AA8}.AppStore|ARM.Build.0 = Release|Any CPU
		{5549D54B-69D8-4322-B96E-985C85897AA8}.AppStore|iPhone.ActiveCfg = Release|Any CPU
		{5549D54B-69D8-4322-B96E-985C85897AA8}.AppStore|iPhone.Build.0 = Release|Any CPU
		{5549D54B-69D8-4322-B96E-985C85897AA8}.AppStore|iPhoneSimulator.ActiveCfg = Release|Any CPU
		{5549D54B-69D8-4322-B96E-985C85897AA8}.AppStore|iPhoneSimulator.Build.0 = Release|Any CPU
		{5549D54B-69D8-4322-B96E-985C85897AA8}.AppStore|x64.ActiveCfg = Release|Any CPU
		{5549D54B-69D8-4322-B96E-985C85897AA8}.AppStore|x64.Build.0 = Release|Any CPU
		{5549D54B-69D8-4322-B96E-985C85897AA8}.AppStore|x86.ActiveCfg = Release|Any CPU
		{5549D54B-69D8-4322-B96E-985C85897AA8}.AppStore|x86.Build.0 = Release|Any CPU
		{5549D54B-69D8-4322-B96E-985C85897AA8}.Debug|Any CPU.ActiveCfg = Debug|Any CPU
		{5549D54B-69D8-4322-B96E-985C85897AA8}.Debug|Any CPU.Build.0 = Debug|Any CPU
		{5549D54B-69D8-4322-B96E-985C85897AA8}.Debug|ARM.ActiveCfg = Debug|Any CPU
		{5549D54B-69D8-4322-B96E-985C85897AA8}.Debug|ARM.Build.0 = Debug|Any CPU
		{5549D54B-69D8-4322-B96E-985C85897AA8}.Debug|iPhone.ActiveCfg = Debug|Any CPU
		{5549D54B-69D8-4322-B96E-985C85897AA8}.Debug|iPhone.Build.0 = Debug|Any CPU
		{5549D54B-69D8-4322-B96E-985C85897AA8}.Debug|iPhoneSimulator.ActiveCfg = Debug|Any CPU
		{5549D54B-69D8-4322-B96E-985C85897AA8}.Debug|iPhoneSimulator.Build.0 = Debug|Any CPU
		{5549D54B-69D8-4322-B96E-985C85897AA8}.Debug|x64.ActiveCfg = Debug|Any CPU
		{5549D54B-69D8-4322-B96E-985C85897AA8}.Debug|x64.Build.0 = Debug|Any CPU
		{5549D54B-69D8-4322-B96E-985C85897AA8}.Debug|x86.ActiveCfg = Debug|Any CPU
		{5549D54B-69D8-4322-B96E-985C85897AA8}.Debug|x86.Build.0 = Debug|Any CPU
		{5549D54B-69D8-4322-B96E-985C85897AA8}.Release|Any CPU.ActiveCfg = Release|Any CPU
		{5549D54B-69D8-4322-B96E-985C85897AA8}.Release|Any CPU.Build.0 = Release|Any CPU
		{5549D54B-69D8-4322-B96E-985C85897AA8}.Release|ARM.ActiveCfg = Release|Any CPU
		{5549D54B-69D8-4322-B96E-985C85897AA8}.Release|ARM.Build.0 = Release|Any CPU
		{5549D54B-69D8-4322-B96E-985C85897AA8}.Release|iPhone.ActiveCfg = Release|Any CPU
		{5549D54B-69D8-4322-B96E-985C85897AA8}.Release|iPhone.Build.0 = Release|Any CPU
		{5549D54B-69D8-4322-B96E-985C85897AA8}.Release|iPhoneSimulator.ActiveCfg = Release|Any CPU
		{5549D54B-69D8-4322-B96E-985C85897AA8}.Release|iPhoneSimulator.Build.0 = Release|Any CPU
		{5549D54B-69D8-4322-B96E-985C85897AA8}.Release|x64.ActiveCfg = Release|Any CPU
		{5549D54B-69D8-4322-B96E-985C85897AA8}.Release|x64.Build.0 = Release|Any CPU
		{5549D54B-69D8-4322-B96E-985C85897AA8}.Release|x86.ActiveCfg = Release|Any CPU
		{5549D54B-69D8-4322-B96E-985C85897AA8}.Release|x86.Build.0 = Release|Any CPU
		{C4797A3F-CBBB-4C71-9F41-1C0FBF4AE7B4}.Ad-Hoc|Any CPU.ActiveCfg = Release|Any CPU
		{C4797A3F-CBBB-4C71-9F41-1C0FBF4AE7B4}.Ad-Hoc|Any CPU.Build.0 = Release|Any CPU
		{C4797A3F-CBBB-4C71-9F41-1C0FBF4AE7B4}.Ad-Hoc|ARM.ActiveCfg = Release|Any CPU
		{C4797A3F-CBBB-4C71-9F41-1C0FBF4AE7B4}.Ad-Hoc|ARM.Build.0 = Release|Any CPU
		{C4797A3F-CBBB-4C71-9F41-1C0FBF4AE7B4}.Ad-Hoc|iPhone.ActiveCfg = Release|Any CPU
		{C4797A3F-CBBB-4C71-9F41-1C0FBF4AE7B4}.Ad-Hoc|iPhone.Build.0 = Release|Any CPU
		{C4797A3F-CBBB-4C71-9F41-1C0FBF4AE7B4}.Ad-Hoc|iPhoneSimulator.ActiveCfg = Release|Any CPU
		{C4797A3F-CBBB-4C71-9F41-1C0FBF4AE7B4}.Ad-Hoc|iPhoneSimulator.Build.0 = Release|Any CPU
		{C4797A3F-CBBB-4C71-9F41-1C0FBF4AE7B4}.Ad-Hoc|x64.ActiveCfg = Release|Any CPU
		{C4797A3F-CBBB-4C71-9F41-1C0FBF4AE7B4}.Ad-Hoc|x64.Build.0 = Release|Any CPU
		{C4797A3F-CBBB-4C71-9F41-1C0FBF4AE7B4}.Ad-Hoc|x86.ActiveCfg = Release|Any CPU
		{C4797A3F-CBBB-4C71-9F41-1C0FBF4AE7B4}.Ad-Hoc|x86.Build.0 = Release|Any CPU
		{C4797A3F-CBBB-4C71-9F41-1C0FBF4AE7B4}.AppStore|Any CPU.ActiveCfg = Release|Any CPU
		{C4797A3F-CBBB-4C71-9F41-1C0FBF4AE7B4}.AppStore|Any CPU.Build.0 = Release|Any CPU
		{C4797A3F-CBBB-4C71-9F41-1C0FBF4AE7B4}.AppStore|ARM.ActiveCfg = Release|Any CPU
		{C4797A3F-CBBB-4C71-9F41-1C0FBF4AE7B4}.AppStore|ARM.Build.0 = Release|Any CPU
		{C4797A3F-CBBB-4C71-9F41-1C0FBF4AE7B4}.AppStore|iPhone.ActiveCfg = Release|Any CPU
		{C4797A3F-CBBB-4C71-9F41-1C0FBF4AE7B4}.AppStore|iPhone.Build.0 = Release|Any CPU
		{C4797A3F-CBBB-4C71-9F41-1C0FBF4AE7B4}.AppStore|iPhoneSimulator.ActiveCfg = Release|Any CPU
		{C4797A3F-CBBB-4C71-9F41-1C0FBF4AE7B4}.AppStore|iPhoneSimulator.Build.0 = Release|Any CPU
		{C4797A3F-CBBB-4C71-9F41-1C0FBF4AE7B4}.AppStore|x64.ActiveCfg = Release|Any CPU
		{C4797A3F-CBBB-4C71-9F41-1C0FBF4AE7B4}.AppStore|x64.Build.0 = Release|Any CPU
		{C4797A3F-CBBB-4C71-9F41-1C0FBF4AE7B4}.AppStore|x86.ActiveCfg = Release|Any CPU
		{C4797A3F-CBBB-4C71-9F41-1C0FBF4AE7B4}.AppStore|x86.Build.0 = Release|Any CPU
		{C4797A3F-CBBB-4C71-9F41-1C0FBF4AE7B4}.Debug|Any CPU.ActiveCfg = Debug|Any CPU
		{C4797A3F-CBBB-4C71-9F41-1C0FBF4AE7B4}.Debug|Any CPU.Build.0 = Debug|Any CPU
		{C4797A3F-CBBB-4C71-9F41-1C0FBF4AE7B4}.Debug|Any CPU.Deploy.0 = Debug|Any CPU
		{C4797A3F-CBBB-4C71-9F41-1C0FBF4AE7B4}.Debug|ARM.ActiveCfg = Debug|Any CPU
		{C4797A3F-CBBB-4C71-9F41-1C0FBF4AE7B4}.Debug|ARM.Build.0 = Debug|Any CPU
		{C4797A3F-CBBB-4C71-9F41-1C0FBF4AE7B4}.Debug|iPhone.ActiveCfg = Debug|Any CPU
		{C4797A3F-CBBB-4C71-9F41-1C0FBF4AE7B4}.Debug|iPhone.Build.0 = Debug|Any CPU
		{C4797A3F-CBBB-4C71-9F41-1C0FBF4AE7B4}.Debug|iPhoneSimulator.ActiveCfg = Debug|Any CPU
		{C4797A3F-CBBB-4C71-9F41-1C0FBF4AE7B4}.Debug|iPhoneSimulator.Build.0 = Debug|Any CPU
		{C4797A3F-CBBB-4C71-9F41-1C0FBF4AE7B4}.Debug|x64.ActiveCfg = Debug|Any CPU
		{C4797A3F-CBBB-4C71-9F41-1C0FBF4AE7B4}.Debug|x64.Build.0 = Debug|Any CPU
		{C4797A3F-CBBB-4C71-9F41-1C0FBF4AE7B4}.Debug|x86.ActiveCfg = Debug|Any CPU
		{C4797A3F-CBBB-4C71-9F41-1C0FBF4AE7B4}.Debug|x86.Build.0 = Debug|Any CPU
		{C4797A3F-CBBB-4C71-9F41-1C0FBF4AE7B4}.Release|Any CPU.ActiveCfg = Release|Any CPU
		{C4797A3F-CBBB-4C71-9F41-1C0FBF4AE7B4}.Release|Any CPU.Build.0 = Release|Any CPU
		{C4797A3F-CBBB-4C71-9F41-1C0FBF4AE7B4}.Release|Any CPU.Deploy.0 = Release|Any CPU
		{C4797A3F-CBBB-4C71-9F41-1C0FBF4AE7B4}.Release|ARM.ActiveCfg = Release|Any CPU
		{C4797A3F-CBBB-4C71-9F41-1C0FBF4AE7B4}.Release|ARM.Build.0 = Release|Any CPU
		{C4797A3F-CBBB-4C71-9F41-1C0FBF4AE7B4}.Release|iPhone.ActiveCfg = Release|Any CPU
		{C4797A3F-CBBB-4C71-9F41-1C0FBF4AE7B4}.Release|iPhone.Build.0 = Release|Any CPU
		{C4797A3F-CBBB-4C71-9F41-1C0FBF4AE7B4}.Release|iPhoneSimulator.ActiveCfg = Release|Any CPU
		{C4797A3F-CBBB-4C71-9F41-1C0FBF4AE7B4}.Release|iPhoneSimulator.Build.0 = Release|Any CPU
		{C4797A3F-CBBB-4C71-9F41-1C0FBF4AE7B4}.Release|x64.ActiveCfg = Release|Any CPU
		{C4797A3F-CBBB-4C71-9F41-1C0FBF4AE7B4}.Release|x64.Build.0 = Release|Any CPU
		{C4797A3F-CBBB-4C71-9F41-1C0FBF4AE7B4}.Release|x86.ActiveCfg = Release|Any CPU
		{C4797A3F-CBBB-4C71-9F41-1C0FBF4AE7B4}.Release|x86.Build.0 = Release|Any CPU
		{D284A4B9-B0A7-455B-B6DD-C2147DA20D31}.Ad-Hoc|Any CPU.ActiveCfg = Release|Any CPU
		{D284A4B9-B0A7-455B-B6DD-C2147DA20D31}.Ad-Hoc|Any CPU.Build.0 = Release|Any CPU
		{D284A4B9-B0A7-455B-B6DD-C2147DA20D31}.Ad-Hoc|ARM.ActiveCfg = Release|Any CPU
		{D284A4B9-B0A7-455B-B6DD-C2147DA20D31}.Ad-Hoc|ARM.Build.0 = Release|Any CPU
		{D284A4B9-B0A7-455B-B6DD-C2147DA20D31}.Ad-Hoc|iPhone.ActiveCfg = Release|Any CPU
		{D284A4B9-B0A7-455B-B6DD-C2147DA20D31}.Ad-Hoc|iPhone.Build.0 = Release|Any CPU
		{D284A4B9-B0A7-455B-B6DD-C2147DA20D31}.Ad-Hoc|iPhoneSimulator.ActiveCfg = Release|Any CPU
		{D284A4B9-B0A7-455B-B6DD-C2147DA20D31}.Ad-Hoc|iPhoneSimulator.Build.0 = Release|Any CPU
		{D284A4B9-B0A7-455B-B6DD-C2147DA20D31}.Ad-Hoc|x64.ActiveCfg = Release|Any CPU
		{D284A4B9-B0A7-455B-B6DD-C2147DA20D31}.Ad-Hoc|x64.Build.0 = Release|Any CPU
		{D284A4B9-B0A7-455B-B6DD-C2147DA20D31}.Ad-Hoc|x86.ActiveCfg = Release|Any CPU
		{D284A4B9-B0A7-455B-B6DD-C2147DA20D31}.Ad-Hoc|x86.Build.0 = Release|Any CPU
		{D284A4B9-B0A7-455B-B6DD-C2147DA20D31}.AppStore|Any CPU.ActiveCfg = Release|Any CPU
		{D284A4B9-B0A7-455B-B6DD-C2147DA20D31}.AppStore|Any CPU.Build.0 = Release|Any CPU
		{D284A4B9-B0A7-455B-B6DD-C2147DA20D31}.AppStore|ARM.ActiveCfg = Release|Any CPU
		{D284A4B9-B0A7-455B-B6DD-C2147DA20D31}.AppStore|ARM.Build.0 = Release|Any CPU
		{D284A4B9-B0A7-455B-B6DD-C2147DA20D31}.AppStore|iPhone.ActiveCfg = Release|Any CPU
		{D284A4B9-B0A7-455B-B6DD-C2147DA20D31}.AppStore|iPhone.Build.0 = Release|Any CPU
		{D284A4B9-B0A7-455B-B6DD-C2147DA20D31}.AppStore|iPhoneSimulator.ActiveCfg = Release|Any CPU
		{D284A4B9-B0A7-455B-B6DD-C2147DA20D31}.AppStore|iPhoneSimulator.Build.0 = Release|Any CPU
		{D284A4B9-B0A7-455B-B6DD-C2147DA20D31}.AppStore|x64.ActiveCfg = Release|Any CPU
		{D284A4B9-B0A7-455B-B6DD-C2147DA20D31}.AppStore|x64.Build.0 = Release|Any CPU
		{D284A4B9-B0A7-455B-B6DD-C2147DA20D31}.AppStore|x86.ActiveCfg = Release|Any CPU
		{D284A4B9-B0A7-455B-B6DD-C2147DA20D31}.AppStore|x86.Build.0 = Release|Any CPU
		{D284A4B9-B0A7-455B-B6DD-C2147DA20D31}.Debug|Any CPU.ActiveCfg = Debug|Any CPU
		{D284A4B9-B0A7-455B-B6DD-C2147DA20D31}.Debug|Any CPU.Build.0 = Debug|Any CPU
		{D284A4B9-B0A7-455B-B6DD-C2147DA20D31}.Debug|ARM.ActiveCfg = Debug|Any CPU
		{D284A4B9-B0A7-455B-B6DD-C2147DA20D31}.Debug|ARM.Build.0 = Debug|Any CPU
		{D284A4B9-B0A7-455B-B6DD-C2147DA20D31}.Debug|iPhone.ActiveCfg = Debug|Any CPU
		{D284A4B9-B0A7-455B-B6DD-C2147DA20D31}.Debug|iPhone.Build.0 = Debug|Any CPU
		{D284A4B9-B0A7-455B-B6DD-C2147DA20D31}.Debug|iPhoneSimulator.ActiveCfg = Debug|Any CPU
		{D284A4B9-B0A7-455B-B6DD-C2147DA20D31}.Debug|iPhoneSimulator.Build.0 = Debug|Any CPU
		{D284A4B9-B0A7-455B-B6DD-C2147DA20D31}.Debug|x64.ActiveCfg = Debug|Any CPU
		{D284A4B9-B0A7-455B-B6DD-C2147DA20D31}.Debug|x64.Build.0 = Debug|Any CPU
		{D284A4B9-B0A7-455B-B6DD-C2147DA20D31}.Debug|x86.ActiveCfg = Debug|Any CPU
		{D284A4B9-B0A7-455B-B6DD-C2147DA20D31}.Debug|x86.Build.0 = Debug|Any CPU
		{D284A4B9-B0A7-455B-B6DD-C2147DA20D31}.Release|Any CPU.ActiveCfg = Release|Any CPU
		{D284A4B9-B0A7-455B-B6DD-C2147DA20D31}.Release|Any CPU.Build.0 = Release|Any CPU
		{D284A4B9-B0A7-455B-B6DD-C2147DA20D31}.Release|ARM.ActiveCfg = Release|Any CPU
		{D284A4B9-B0A7-455B-B6DD-C2147DA20D31}.Release|ARM.Build.0 = Release|Any CPU
		{D284A4B9-B0A7-455B-B6DD-C2147DA20D31}.Release|iPhone.ActiveCfg = Release|Any CPU
		{D284A4B9-B0A7-455B-B6DD-C2147DA20D31}.Release|iPhone.Build.0 = Release|Any CPU
		{D284A4B9-B0A7-455B-B6DD-C2147DA20D31}.Release|iPhoneSimulator.ActiveCfg = Release|Any CPU
		{D284A4B9-B0A7-455B-B6DD-C2147DA20D31}.Release|iPhoneSimulator.Build.0 = Release|Any CPU
		{D284A4B9-B0A7-455B-B6DD-C2147DA20D31}.Release|x64.ActiveCfg = Release|Any CPU
		{D284A4B9-B0A7-455B-B6DD-C2147DA20D31}.Release|x64.Build.0 = Release|Any CPU
		{D284A4B9-B0A7-455B-B6DD-C2147DA20D31}.Release|x86.ActiveCfg = Release|Any CPU
		{D284A4B9-B0A7-455B-B6DD-C2147DA20D31}.Release|x86.Build.0 = Release|Any CPU
		{2F182862-A10B-4E4C-886F-4EB48154B47A}.Ad-Hoc|Any CPU.ActiveCfg = Release|x64
		{2F182862-A10B-4E4C-886F-4EB48154B47A}.Ad-Hoc|Any CPU.Build.0 = Release|x64
		{2F182862-A10B-4E4C-886F-4EB48154B47A}.Ad-Hoc|Any CPU.Deploy.0 = Release|x64
		{2F182862-A10B-4E4C-886F-4EB48154B47A}.Ad-Hoc|ARM.ActiveCfg = Release|ARM
		{2F182862-A10B-4E4C-886F-4EB48154B47A}.Ad-Hoc|ARM.Build.0 = Release|ARM
		{2F182862-A10B-4E4C-886F-4EB48154B47A}.Ad-Hoc|ARM.Deploy.0 = Release|ARM
		{2F182862-A10B-4E4C-886F-4EB48154B47A}.Ad-Hoc|ARM64.ActiveCfg = Release|ARM64
		{2F182862-A10B-4E4C-886F-4EB48154B47A}.Ad-Hoc|ARM64.Build.0 = Release|ARM64
		{2F182862-A10B-4E4C-886F-4EB48154B47A}.Ad-Hoc|ARM64.Deploy.0 = Release|ARM64
		{2F182862-A10B-4E4C-886F-4EB48154B47A}.Ad-Hoc|iPhone.ActiveCfg = Release|x64
		{2F182862-A10B-4E4C-886F-4EB48154B47A}.Ad-Hoc|iPhone.Build.0 = Release|x64
		{2F182862-A10B-4E4C-886F-4EB48154B47A}.Ad-Hoc|iPhone.Deploy.0 = Release|x64
		{2F182862-A10B-4E4C-886F-4EB48154B47A}.Ad-Hoc|iPhoneSimulator.ActiveCfg = Release|x64
		{2F182862-A10B-4E4C-886F-4EB48154B47A}.Ad-Hoc|iPhoneSimulator.Build.0 = Release|x64
		{2F182862-A10B-4E4C-886F-4EB48154B47A}.Ad-Hoc|iPhoneSimulator.Deploy.0 = Release|x64
		{2F182862-A10B-4E4C-886F-4EB48154B47A}.Ad-Hoc|x64.ActiveCfg = Release|x64
		{2F182862-A10B-4E4C-886F-4EB48154B47A}.Ad-Hoc|x64.Build.0 = Release|x64
		{2F182862-A10B-4E4C-886F-4EB48154B47A}.Ad-Hoc|x64.Deploy.0 = Release|x64
		{2F182862-A10B-4E4C-886F-4EB48154B47A}.Ad-Hoc|x86.ActiveCfg = Release|x86
		{2F182862-A10B-4E4C-886F-4EB48154B47A}.Ad-Hoc|x86.Build.0 = Release|x86
		{2F182862-A10B-4E4C-886F-4EB48154B47A}.Ad-Hoc|x86.Deploy.0 = Release|x86
		{2F182862-A10B-4E4C-886F-4EB48154B47A}.AppStore|Any CPU.ActiveCfg = Release|x64
		{2F182862-A10B-4E4C-886F-4EB48154B47A}.AppStore|Any CPU.Build.0 = Release|x64
		{2F182862-A10B-4E4C-886F-4EB48154B47A}.AppStore|Any CPU.Deploy.0 = Release|x64
		{2F182862-A10B-4E4C-886F-4EB48154B47A}.AppStore|ARM.ActiveCfg = Release|ARM
		{2F182862-A10B-4E4C-886F-4EB48154B47A}.AppStore|ARM.Build.0 = Release|ARM
		{2F182862-A10B-4E4C-886F-4EB48154B47A}.AppStore|ARM.Deploy.0 = Release|ARM
		{2F182862-A10B-4E4C-886F-4EB48154B47A}.AppStore|ARM64.ActiveCfg = Release|ARM64
		{2F182862-A10B-4E4C-886F-4EB48154B47A}.AppStore|ARM64.Build.0 = Release|ARM64
		{2F182862-A10B-4E4C-886F-4EB48154B47A}.AppStore|ARM64.Deploy.0 = Release|ARM64
		{2F182862-A10B-4E4C-886F-4EB48154B47A}.AppStore|iPhone.ActiveCfg = Release|x64
		{2F182862-A10B-4E4C-886F-4EB48154B47A}.AppStore|iPhone.Build.0 = Release|x64
		{2F182862-A10B-4E4C-886F-4EB48154B47A}.AppStore|iPhone.Deploy.0 = Release|x64
		{2F182862-A10B-4E4C-886F-4EB48154B47A}.AppStore|iPhoneSimulator.ActiveCfg = Release|x64
		{2F182862-A10B-4E4C-886F-4EB48154B47A}.AppStore|iPhoneSimulator.Build.0 = Release|x64
		{2F182862-A10B-4E4C-886F-4EB48154B47A}.AppStore|iPhoneSimulator.Deploy.0 = Release|x64
		{2F182862-A10B-4E4C-886F-4EB48154B47A}.AppStore|x64.ActiveCfg = Release|x64
		{2F182862-A10B-4E4C-886F-4EB48154B47A}.AppStore|x64.Build.0 = Release|x64
		{2F182862-A10B-4E4C-886F-4EB48154B47A}.AppStore|x64.Deploy.0 = Release|x64
		{2F182862-A10B-4E4C-886F-4EB48154B47A}.AppStore|x86.ActiveCfg = Release|x86
		{2F182862-A10B-4E4C-886F-4EB48154B47A}.AppStore|x86.Build.0 = Release|x86
		{2F182862-A10B-4E4C-886F-4EB48154B47A}.AppStore|x86.Deploy.0 = Release|x86
		{2F182862-A10B-4E4C-886F-4EB48154B47A}.Debug|Any CPU.ActiveCfg = Debug|x86
		{2F182862-A10B-4E4C-886F-4EB48154B47A}.Debug|ARM.ActiveCfg = Debug|ARM
		{2F182862-A10B-4E4C-886F-4EB48154B47A}.Debug|ARM.Build.0 = Debug|ARM
		{2F182862-A10B-4E4C-886F-4EB48154B47A}.Debug|ARM.Deploy.0 = Debug|ARM
		{2F182862-A10B-4E4C-886F-4EB48154B47A}.Debug|ARM64.ActiveCfg = Debug|ARM64
		{2F182862-A10B-4E4C-886F-4EB48154B47A}.Debug|ARM64.Build.0 = Debug|ARM64
		{2F182862-A10B-4E4C-886F-4EB48154B47A}.Debug|ARM64.Deploy.0 = Debug|ARM64
		{2F182862-A10B-4E4C-886F-4EB48154B47A}.Debug|iPhone.ActiveCfg = Debug|x86
		{2F182862-A10B-4E4C-886F-4EB48154B47A}.Debug|iPhoneSimulator.ActiveCfg = Debug|x86
		{2F182862-A10B-4E4C-886F-4EB48154B47A}.Debug|x64.ActiveCfg = Debug|x64
		{2F182862-A10B-4E4C-886F-4EB48154B47A}.Debug|x64.Build.0 = Debug|x64
		{2F182862-A10B-4E4C-886F-4EB48154B47A}.Debug|x64.Deploy.0 = Debug|x64
		{2F182862-A10B-4E4C-886F-4EB48154B47A}.Debug|x86.ActiveCfg = Debug|x86
		{2F182862-A10B-4E4C-886F-4EB48154B47A}.Debug|x86.Build.0 = Debug|x86
		{2F182862-A10B-4E4C-886F-4EB48154B47A}.Debug|x86.Deploy.0 = Debug|x86
		{2F182862-A10B-4E4C-886F-4EB48154B47A}.Release|Any CPU.ActiveCfg = Release|x86
		{2F182862-A10B-4E4C-886F-4EB48154B47A}.Release|ARM.ActiveCfg = Release|ARM
		{2F182862-A10B-4E4C-886F-4EB48154B47A}.Release|ARM.Build.0 = Release|ARM
		{2F182862-A10B-4E4C-886F-4EB48154B47A}.Release|ARM.Deploy.0 = Release|ARM
		{2F182862-A10B-4E4C-886F-4EB48154B47A}.Release|ARM64.ActiveCfg = Release|ARM64
		{2F182862-A10B-4E4C-886F-4EB48154B47A}.Release|ARM64.Build.0 = Release|ARM64
		{2F182862-A10B-4E4C-886F-4EB48154B47A}.Release|ARM64.Deploy.0 = Release|ARM64
		{2F182862-A10B-4E4C-886F-4EB48154B47A}.Release|iPhone.ActiveCfg = Release|x86
		{2F182862-A10B-4E4C-886F-4EB48154B47A}.Release|iPhoneSimulator.ActiveCfg = Release|x86
		{2F182862-A10B-4E4C-886F-4EB48154B47A}.Release|x64.ActiveCfg = Release|x64
		{2F182862-A10B-4E4C-886F-4EB48154B47A}.Release|x64.Build.0 = Release|x64
		{2F182862-A10B-4E4C-886F-4EB48154B47A}.Release|x64.Deploy.0 = Release|x64
		{2F182862-A10B-4E4C-886F-4EB48154B47A}.Release|x86.ActiveCfg = Release|x86
		{2F182862-A10B-4E4C-886F-4EB48154B47A}.Release|x86.Build.0 = Release|x86
		{2F182862-A10B-4E4C-886F-4EB48154B47A}.Release|x86.Deploy.0 = Release|x86
	EndGlobalSection
	GlobalSection(SolutionProperties) = preSolution
		HideSolutionNode = FALSE
	EndGlobalSection
	GlobalSection(ExtensibilityGlobals) = postSolution
		SolutionGuid = {F6D05029-56B8-4E45-AF2D-0E76295DDBA2}
	EndGlobalSection
EndGlobal
