
Microsoft Visual Studio Solution File, Format Version 12.00
# Visual Studio 15
VisualStudioVersion = 15.0.26730.10
MinimumVisualStudioVersion = 10.0.40219.1

Project("{6EC3EE1D-3C4E-46DD-8F32-0CC8E7565705}") = "SaunApp", "SaunApp\SaunApp.fsproj", "{2A04A630-CB52-490A-B4D6-9269466B7FBB}"
EndProject

Project("{F2A71F9B-5D33-465A-A702-920D77279786}") = "SaunApp.Android", "SaunApp.Android\SaunApp.Android.fsproj", "{D321C435-5127-46C8-9195-237BA6A84C8B}"
EndProject


Project("{F2A71F9B-5D33-465A-A702-920D77279786}") = "SaunApp.iOS", "SaunApp.iOS\SaunApp.iOS.fsproj", "{DEED4503-D326-408F-99DF-6B7C2C37558B}"
EndProject



Project("{FAE04EC0-301F-11D3-BF4B-00C04F79EFBC}") = "SaunApp.UWP", "SaunApp.UWP\SaunApp.UWP.csproj", "{4C47AB88-EED6-4380-9FDB-02C0E85BB21B}"
EndProject

Global
	GlobalSection(SolutionConfigurationPlatforms) = preSolution
		Ad-Hoc|Any CPU = Ad-Hoc|Any CPU
		Ad-Hoc|ARM = Ad-Hoc|ARM
		Ad-Hoc|iPhone = Ad-Hoc|iPhone
		Ad-Hoc|iPhoneSimulator = Ad-Hoc|iPhoneSimulator
		Ad-Hoc|x64 = Ad-Hoc|x64
		Ad-Hoc|x86 = Ad-Hoc|x86
		AppStore|Any CPU = AppStore|Any CPU
		AppStore|ARM = AppStore|ARM
		AppStore|iPhone = AppStore|iPhone
		AppStore|iPhoneSimulator = AppStore|iPhoneSimulator
		AppStore|x64 = AppStore|x64
		AppStore|x86 = AppStore|x86
		Debug|Any CPU = Debug|Any CPU
		Debug|ARM = Debug|ARM
		Debug|iPhone = Debug|iPhone
		Debug|iPhoneSimulator = Debug|iPhoneSimulator
		Debug|x64 = Debug|x64
		Debug|x86 = Debug|x86
		Release|Any CPU = Release|Any CPU
		Release|ARM = Release|ARM
		Release|iPhone = Release|iPhone
		Release|iPhoneSimulator = Release|iPhoneSimulator
		Release|x64 = Release|x64
		Release|x86 = Release|x86
	EndGlobalSection
	GlobalSection(ProjectConfigurationPlatforms) = postSolution
		{2A04A630-CB52-490A-B4D6-9269466B7FBB}.Ad-Hoc|Any CPU.ActiveCfg = Debug|Any CPU
		{2A04A630-CB52-490A-B4D6-9269466B7FBB}.Ad-Hoc|Any CPU.Build.0 = Debug|Any CPU
		{2A04A630-CB52-490A-B4D6-9269466B7FBB}.Ad-Hoc|ARM.ActiveCfg = Debug|Any CPU
		{2A04A630-CB52-490A-B4D6-9269466B7FBB}.Ad-Hoc|ARM.Build.0 = Debug|Any CPU
		{2A04A630-CB52-490A-B4D6-9269466B7FBB}.Ad-Hoc|iPhone.ActiveCfg = Debug|Any CPU
		{2A04A630-CB52-490A-B4D6-9269466B7FBB}.Ad-Hoc|iPhone.Build.0 = Debug|Any CPU
		{2A04A630-CB52-490A-B4D6-9269466B7FBB}.Ad-Hoc|iPhoneSimulator.ActiveCfg = Debug|Any CPU
		{2A04A630-CB52-490A-B4D6-9269466B7FBB}.Ad-Hoc|iPhoneSimulator.Build.0 = Debug|Any CPU
		{2A04A630-CB52-490A-B4D6-9269466B7FBB}.Ad-Hoc|x64.ActiveCfg = Debug|Any CPU
		{2A04A630-CB52-490A-B4D6-9269466B7FBB}.Ad-Hoc|x64.Build.0 = Debug|Any CPU
		{2A04A630-CB52-490A-B4D6-9269466B7FBB}.Ad-Hoc|x86.ActiveCfg = Debug|Any CPU
		{2A04A630-CB52-490A-B4D6-9269466B7FBB}.Ad-Hoc|x86.Build.0 = Debug|Any CPU
		{2A04A630-CB52-490A-B4D6-9269466B7FBB}.AppStore|Any CPU.ActiveCfg = Debug|Any CPU
		{2A04A630-CB52-490A-B4D6-9269466B7FBB}.AppStore|Any CPU.Build.0 = Debug|Any CPU
		{2A04A630-CB52-490A-B4D6-9269466B7FBB}.AppStore|ARM.ActiveCfg = Debug|Any CPU
		{2A04A630-CB52-490A-B4D6-9269466B7FBB}.AppStore|ARM.Build.0 = Debug|Any CPU
		{2A04A630-CB52-490A-B4D6-9269466B7FBB}.AppStore|iPhone.ActiveCfg = Debug|Any CPU
		{2A04A630-CB52-490A-B4D6-9269466B7FBB}.AppStore|iPhone.Build.0 = Debug|Any CPU
		{2A04A630-CB52-490A-B4D6-9269466B7FBB}.AppStore|iPhoneSimulator.ActiveCfg = Debug|Any CPU
		{2A04A630-CB52-490A-B4D6-9269466B7FBB}.AppStore|iPhoneSimulator.Build.0 = Debug|Any CPU
		{2A04A630-CB52-490A-B4D6-9269466B7FBB}.AppStore|x64.ActiveCfg = Debug|Any CPU
		{2A04A630-CB52-490A-B4D6-9269466B7FBB}.AppStore|x64.Build.0 = Debug|Any CPU
		{2A04A630-CB52-490A-B4D6-9269466B7FBB}.AppStore|x86.ActiveCfg = Debug|Any CPU
		{2A04A630-CB52-490A-B4D6-9269466B7FBB}.AppStore|x86.Build.0 = Debug|Any CPU
		{2A04A630-CB52-490A-B4D6-9269466B7FBB}.Debug|Any CPU.ActiveCfg = Debug|Any CPU
		{2A04A630-CB52-490A-B4D6-9269466B7FBB}.Debug|Any CPU.Build.0 = Debug|Any CPU
		{2A04A630-CB52-490A-B4D6-9269466B7FBB}.Debug|ARM.ActiveCfg = Debug|Any CPU
		{2A04A630-CB52-490A-B4D6-9269466B7FBB}.Debug|ARM.Build.0 = Debug|Any CPU
		{2A04A630-CB52-490A-B4D6-9269466B7FBB}.Debug|iPhone.ActiveCfg = Debug|Any CPU
		{2A04A630-CB52-490A-B4D6-9269466B7FBB}.Debug|iPhone.Build.0 = Debug|Any CPU
		{2A04A630-CB52-490A-B4D6-9269466B7FBB}.Debug|iPhoneSimulator.ActiveCfg = Debug|Any CPU
		{2A04A630-CB52-490A-B4D6-9269466B7FBB}.Debug|iPhoneSimulator.Build.0 = Debug|Any CPU
		{2A04A630-CB52-490A-B4D6-9269466B7FBB}.Debug|x64.ActiveCfg = Debug|Any CPU
		{2A04A630-CB52-490A-B4D6-9269466B7FBB}.Debug|x64.Build.0 = Debug|Any CPU
		{2A04A630-CB52-490A-B4D6-9269466B7FBB}.Debug|x86.ActiveCfg = Debug|Any CPU
		{2A04A630-CB52-490A-B4D6-9269466B7FBB}.Debug|x86.Build.0 = Debug|Any CPU
		{2A04A630-CB52-490A-B4D6-9269466B7FBB}.Release|Any CPU.ActiveCfg = Release|Any CPU
		{2A04A630-CB52-490A-B4D6-9269466B7FBB}.Release|Any CPU.Build.0 = Release|Any CPU
		{2A04A630-CB52-490A-B4D6-9269466B7FBB}.Release|ARM.ActiveCfg = Release|Any CPU
		{2A04A630-CB52-490A-B4D6-9269466B7FBB}.Release|ARM.Build.0 = Release|Any CPU
		{2A04A630-CB52-490A-B4D6-9269466B7FBB}.Release|iPhone.ActiveCfg = Release|Any CPU
		{2A04A630-CB52-490A-B4D6-9269466B7FBB}.Release|iPhone.Build.0 = Release|Any CPU
		{2A04A630-CB52-490A-B4D6-9269466B7FBB}.Release|iPhoneSimulator.ActiveCfg = Release|Any CPU
		{2A04A630-CB52-490A-B4D6-9269466B7FBB}.Release|iPhoneSimulator.Build.0 = Release|Any CPU
		{2A04A630-CB52-490A-B4D6-9269466B7FBB}.Release|x64.ActiveCfg = Release|Any CPU
		{2A04A630-CB52-490A-B4D6-9269466B7FBB}.Release|x64.Build.0 = Release|Any CPU
		{2A04A630-CB52-490A-B4D6-9269466B7FBB}.Release|x86.ActiveCfg = Release|Any CPU
		{2A04A630-CB52-490A-B4D6-9269466B7FBB}.Release|x86.Build.0 = Release|Any CPU
		{DEED4503-D326-408F-99DF-6B7C2C37558B}.Ad-Hoc|Any CPU.ActiveCfg = Ad-Hoc|iPhone
		{DEED4503-D326-408F-99DF-6B7C2C37558B}.Ad-Hoc|ARM.ActiveCfg = Ad-Hoc|iPhone
		{DEED4503-D326-408F-99DF-6B7C2C37558B}.Ad-Hoc|iPhone.ActiveCfg = Ad-Hoc|iPhone
		{DEED4503-D326-408F-99DF-6B7C2C37558B}.Ad-Hoc|iPhone.Build.0 = Ad-Hoc|iPhone
		{DEED4503-D326-408F-99DF-6B7C2C37558B}.Ad-Hoc|iPhoneSimulator.ActiveCfg = Ad-Hoc|iPhoneSimulator
		{DEED4503-D326-408F-99DF-6B7C2C37558B}.Ad-Hoc|iPhoneSimulator.Build.0 = Ad-Hoc|iPhoneSimulator
		{DEED4503-D326-408F-99DF-6B7C2C37558B}.Ad-Hoc|x64.ActiveCfg = Ad-Hoc|iPhone
		{DEED4503-D326-408F-99DF-6B7C2C37558B}.Ad-Hoc|x86.ActiveCfg = Ad-Hoc|iPhone
		{DEED4503-D326-408F-99DF-6B7C2C37558B}.AppStore|Any CPU.ActiveCfg = AppStore|iPhone
		{DEED4503-D326-408F-99DF-6B7C2C37558B}.AppStore|ARM.ActiveCfg = AppStore|iPhone
		{DEED4503-D326-408F-99DF-6B7C2C37558B}.AppStore|iPhone.ActiveCfg = AppStore|iPhone
		{DEED4503-D326-408F-99DF-6B7C2C37558B}.AppStore|iPhone.Build.0 = AppStore|iPhone
		{DEED4503-D326-408F-99DF-6B7C2C37558B}.AppStore|iPhoneSimulator.ActiveCfg = AppStore|iPhoneSimulator
		{DEED4503-D326-408F-99DF-6B7C2C37558B}.AppStore|iPhoneSimulator.Build.0 = AppStore|iPhoneSimulator
		{DEED4503-D326-408F-99DF-6B7C2C37558B}.AppStore|x64.ActiveCfg = AppStore|iPhone
		{DEED4503-D326-408F-99DF-6B7C2C37558B}.AppStore|x86.ActiveCfg = AppStore|iPhone
		{DEED4503-D326-408F-99DF-6B7C2C37558B}.Debug|Any CPU.ActiveCfg = Debug|iPhone
		{DEED4503-D326-408F-99DF-6B7C2C37558B}.Debug|ARM.ActiveCfg = Debug|iPhone
		{DEED4503-D326-408F-99DF-6B7C2C37558B}.Debug|iPhone.ActiveCfg = Debug|iPhone
		{DEED4503-D326-408F-99DF-6B7C2C37558B}.Debug|iPhone.Build.0 = Debug|iPhone
		{DEED4503-D326-408F-99DF-6B7C2C37558B}.Debug|iPhoneSimulator.ActiveCfg = Debug|iPhoneSimulator
		{DEED4503-D326-408F-99DF-6B7C2C37558B}.Debug|iPhoneSimulator.Build.0 = Debug|iPhoneSimulator
		{DEED4503-D326-408F-99DF-6B7C2C37558B}.Debug|x64.ActiveCfg = Debug|iPhone
		{DEED4503-D326-408F-99DF-6B7C2C37558B}.Debug|x86.ActiveCfg = Debug|iPhone
		{DEED4503-D326-408F-99DF-6B7C2C37558B}.Release|Any CPU.ActiveCfg = Release|iPhone
		{DEED4503-D326-408F-99DF-6B7C2C37558B}.Release|ARM.ActiveCfg = Release|iPhone
		{DEED4503-D326-408F-99DF-6B7C2C37558B}.Release|iPhone.ActiveCfg = Release|iPhone
		{DEED4503-D326-408F-99DF-6B7C2C37558B}.Release|iPhone.Build.0 = Release|iPhone
		{DEED4503-D326-408F-99DF-6B7C2C37558B}.Release|iPhoneSimulator.ActiveCfg = Release|iPhoneSimulator
		{DEED4503-D326-408F-99DF-6B7C2C37558B}.Release|iPhoneSimulator.Build.0 = Release|iPhoneSimulator
		{DEED4503-D326-408F-99DF-6B7C2C37558B}.Release|x64.ActiveCfg = Release|iPhone
		{DEED4503-D326-408F-99DF-6B7C2C37558B}.Release|x86.ActiveCfg = Release|iPhone
		{9EC783F7-991A-4010-8CD9-AF0F21665F60}.Ad-Hoc|Any CPU.ActiveCfg = Release|x86
		{9EC783F7-991A-4010-8CD9-AF0F21665F60}.Ad-Hoc|Any CPU.Build.0 = Release|x86
		{9EC783F7-991A-4010-8CD9-AF0F21665F60}.Ad-Hoc|Any CPU.Deploy.0 = Release|x86
		{9EC783F7-991A-4010-8CD9-AF0F21665F60}.Ad-Hoc|ARM.ActiveCfg = Release|ARM
		{9EC783F7-991A-4010-8CD9-AF0F21665F60}.Ad-Hoc|ARM.Build.0 = Release|ARM
		{9EC783F7-991A-4010-8CD9-AF0F21665F60}.Ad-Hoc|ARM.Deploy.0 = Release|ARM
		{9EC783F7-991A-4010-8CD9-AF0F21665F60}.Ad-Hoc|iPhone.ActiveCfg = Release|x86
		{9EC783F7-991A-4010-8CD9-AF0F21665F60}.Ad-Hoc|iPhone.Build.0 = Release|x86
		{9EC783F7-991A-4010-8CD9-AF0F21665F60}.Ad-Hoc|iPhone.Deploy.0 = Release|x86
		{9EC783F7-991A-4010-8CD9-AF0F21665F60}.Ad-Hoc|iPhoneSimulator.ActiveCfg = Release|x86
		{9EC783F7-991A-4010-8CD9-AF0F21665F60}.Ad-Hoc|iPhoneSimulator.Build.0 = Release|x86
		{9EC783F7-991A-4010-8CD9-AF0F21665F60}.Ad-Hoc|iPhoneSimulator.Deploy.0 = Release|x86
		{9EC783F7-991A-4010-8CD9-AF0F21665F60}.Ad-Hoc|x64.ActiveCfg = Release|x64
		{9EC783F7-991A-4010-8CD9-AF0F21665F60}.Ad-Hoc|x64.Build.0 = Release|x64
		{9EC783F7-991A-4010-8CD9-AF0F21665F60}.Ad-Hoc|x64.Deploy.0 = Release|x64
		{9EC783F7-991A-4010-8CD9-AF0F21665F60}.Ad-Hoc|x86.ActiveCfg = Release|x86
		{9EC783F7-991A-4010-8CD9-AF0F21665F60}.Ad-Hoc|x86.Build.0 = Release|x86
		{9EC783F7-991A-4010-8CD9-AF0F21665F60}.Ad-Hoc|x86.Deploy.0 = Release|x86
		{9EC783F7-991A-4010-8CD9-AF0F21665F60}.AppStore|Any CPU.ActiveCfg = Release|x86
		{9EC783F7-991A-4010-8CD9-AF0F21665F60}.AppStore|Any CPU.Build.0 = Release|x86
		{9EC783F7-991A-4010-8CD9-AF0F21665F60}.AppStore|Any CPU.Deploy.0 = Release|x86
		{9EC783F7-991A-4010-8CD9-AF0F21665F60}.AppStore|ARM.ActiveCfg = Release|ARM
		{9EC783F7-991A-4010-8CD9-AF0F21665F60}.AppStore|ARM.Build.0 = Release|ARM
		{9EC783F7-991A-4010-8CD9-AF0F21665F60}.AppStore|ARM.Deploy.0 = Release|ARM
		{9EC783F7-991A-4010-8CD9-AF0F21665F60}.AppStore|iPhone.ActiveCfg = Release|x86
		{9EC783F7-991A-4010-8CD9-AF0F21665F60}.AppStore|iPhone.Build.0 = Release|x86
		{9EC783F7-991A-4010-8CD9-AF0F21665F60}.AppStore|iPhone.Deploy.0 = Release|x86
		{9EC783F7-991A-4010-8CD9-AF0F21665F60}.AppStore|iPhoneSimulator.ActiveCfg = Release|x86
		{9EC783F7-991A-4010-8CD9-AF0F21665F60}.AppStore|iPhoneSimulator.Build.0 = Release|x86
		{9EC783F7-991A-4010-8CD9-AF0F21665F60}.AppStore|iPhoneSimulator.Deploy.0 = Release|x86
		{9EC783F7-991A-4010-8CD9-AF0F21665F60}.AppStore|x64.ActiveCfg = Release|x64
		{9EC783F7-991A-4010-8CD9-AF0F21665F60}.AppStore|x64.Build.0 = Release|x64
		{9EC783F7-991A-4010-8CD9-AF0F21665F60}.AppStore|x64.Deploy.0 = Release|x64
		{9EC783F7-991A-4010-8CD9-AF0F21665F60}.AppStore|x86.ActiveCfg = Release|x86
		{9EC783F7-991A-4010-8CD9-AF0F21665F60}.AppStore|x86.Build.0 = Release|x86
		{9EC783F7-991A-4010-8CD9-AF0F21665F60}.AppStore|x86.Deploy.0 = Release|x86
		{9EC783F7-991A-4010-8CD9-AF0F21665F60}.Debug|Any CPU.ActiveCfg = Debug|x86
		{9EC783F7-991A-4010-8CD9-AF0F21665F60}.Debug|ARM.ActiveCfg = Debug|ARM
		{9EC783F7-991A-4010-8CD9-AF0F21665F60}.Debug|ARM.Build.0 = Debug|ARM
		{9EC783F7-991A-4010-8CD9-AF0F21665F60}.Debug|ARM.Deploy.0 = Debug|ARM
		{9EC783F7-991A-4010-8CD9-AF0F21665F60}.Debug|iPhone.ActiveCfg = Debug|x86
		{9EC783F7-991A-4010-8CD9-AF0F21665F60}.Debug|iPhoneSimulator.ActiveCfg = Debug|x86
		{9EC783F7-991A-4010-8CD9-AF0F21665F60}.Debug|x64.ActiveCfg = Debug|x64
		{9EC783F7-991A-4010-8CD9-AF0F21665F60}.Debug|x64.Build.0 = Debug|x64
		{9EC783F7-991A-4010-8CD9-AF0F21665F60}.Debug|x64.Deploy.0 = Debug|x64
		{9EC783F7-991A-4010-8CD9-AF0F21665F60}.Debug|x86.ActiveCfg = Debug|x86
		{9EC783F7-991A-4010-8CD9-AF0F21665F60}.Debug|x86.Build.0 = Debug|x86
		{9EC783F7-991A-4010-8CD9-AF0F21665F60}.Debug|x86.Deploy.0 = Debug|x86
		{9EC783F7-991A-4010-8CD9-AF0F21665F60}.Release|Any CPU.ActiveCfg = Release|x86
		{9EC783F7-991A-4010-8CD9-AF0F21665F60}.Release|ARM.ActiveCfg = Release|ARM
		{9EC783F7-991A-4010-8CD9-AF0F21665F60}.Release|ARM.Build.0 = Release|ARM
		{9EC783F7-991A-4010-8CD9-AF0F21665F60}.Release|ARM.Deploy.0 = Release|ARM
		{9EC783F7-991A-4010-8CD9-AF0F21665F60}.Release|iPhone.ActiveCfg = Release|x86
		{9EC783F7-991A-4010-8CD9-AF0F21665F60}.Release|iPhoneSimulator.ActiveCfg = Release|x86
		{9EC783F7-991A-4010-8CD9-AF0F21665F60}.Release|x64.ActiveCfg = Release|x64
		{9EC783F7-991A-4010-8CD9-AF0F21665F60}.Release|x64.Build.0 = Release|x64
		{9EC783F7-991A-4010-8CD9-AF0F21665F60}.Release|x64.Deploy.0 = Release|x64
		{9EC783F7-991A-4010-8CD9-AF0F21665F60}.Release|x86.ActiveCfg = Release|x86
		{9EC783F7-991A-4010-8CD9-AF0F21665F60}.Release|x86.Build.0 = Release|x86
		{9EC783F7-991A-4010-8CD9-AF0F21665F60}.Release|x86.Deploy.0 = Release|x86
		{A98BA0CE-1632-40D2-AA0A-1D6F4470510B}.Ad-Hoc|Any CPU.ActiveCfg = Release|Any CPU
		{A98BA0CE-1632-40D2-AA0A-1D6F4470510B}.Ad-Hoc|Any CPU.Build.0 = Release|Any CPU
		{A98BA0CE-1632-40D2-AA0A-1D6F4470510B}.Ad-Hoc|ARM.ActiveCfg = Release|Any CPU
		{A98BA0CE-1632-40D2-AA0A-1D6F4470510B}.Ad-Hoc|ARM.Build.0 = Release|Any CPU
		{A98BA0CE-1632-40D2-AA0A-1D6F4470510B}.Ad-Hoc|iPhone.ActiveCfg = Release|Any CPU
		{A98BA0CE-1632-40D2-AA0A-1D6F4470510B}.Ad-Hoc|iPhone.Build.0 = Release|Any CPU
		{A98BA0CE-1632-40D2-AA0A-1D6F4470510B}.Ad-Hoc|iPhoneSimulator.ActiveCfg = Release|Any CPU
		{A98BA0CE-1632-40D2-AA0A-1D6F4470510B}.Ad-Hoc|iPhoneSimulator.Build.0 = Release|Any CPU
		{A98BA0CE-1632-40D2-AA0A-1D6F4470510B}.Ad-Hoc|x64.ActiveCfg = Release|Any CPU
		{A98BA0CE-1632-40D2-AA0A-1D6F4470510B}.Ad-Hoc|x64.Build.0 = Release|Any CPU
		{A98BA0CE-1632-40D2-AA0A-1D6F4470510B}.Ad-Hoc|x86.ActiveCfg = Release|Any CPU
		{A98BA0CE-1632-40D2-AA0A-1D6F4470510B}.Ad-Hoc|x86.Build.0 = Release|Any CPU
		{A98BA0CE-1632-40D2-AA0A-1D6F4470510B}.AppStore|Any CPU.ActiveCfg = Release|Any CPU
		{A98BA0CE-1632-40D2-AA0A-1D6F4470510B}.AppStore|Any CPU.Build.0 = Release|Any CPU
		{A98BA0CE-1632-40D2-AA0A-1D6F4470510B}.AppStore|ARM.ActiveCfg = Release|Any CPU
		{A98BA0CE-1632-40D2-AA0A-1D6F4470510B}.AppStore|ARM.Build.0 = Release|Any CPU
		{A98BA0CE-1632-40D2-AA0A-1D6F4470510B}.AppStore|iPhone.ActiveCfg = Release|Any CPU
		{A98BA0CE-1632-40D2-AA0A-1D6F4470510B}.AppStore|iPhone.Build.0 = Release|Any CPU
		{A98BA0CE-1632-40D2-AA0A-1D6F4470510B}.AppStore|iPhoneSimulator.ActiveCfg = Release|Any CPU
		{A98BA0CE-1632-40D2-AA0A-1D6F4470510B}.AppStore|iPhoneSimulator.Build.0 = Release|Any CPU
		{A98BA0CE-1632-40D2-AA0A-1D6F4470510B}.AppStore|x64.ActiveCfg = Release|Any CPU
		{A98BA0CE-1632-40D2-AA0A-1D6F4470510B}.AppStore|x64.Build.0 = Release|Any CPU
		{A98BA0CE-1632-40D2-AA0A-1D6F4470510B}.AppStore|x86.ActiveCfg = Release|Any CPU
		{A98BA0CE-1632-40D2-AA0A-1D6F4470510B}.AppStore|x86.Build.0 = Release|Any CPU
		{A98BA0CE-1632-40D2-AA0A-1D6F4470510B}.Debug|Any CPU.ActiveCfg = Debug|Any CPU
		{A98BA0CE-1632-40D2-AA0A-1D6F4470510B}.Debug|Any CPU.Build.0 = Debug|Any CPU
		{A98BA0CE-1632-40D2-AA0A-1D6F4470510B}.Debug|ARM.ActiveCfg = Debug|Any CPU
		{A98BA0CE-1632-40D2-AA0A-1D6F4470510B}.Debug|ARM.Build.0 = Debug|Any CPU
		{A98BA0CE-1632-40D2-AA0A-1D6F4470510B}.Debug|iPhone.ActiveCfg = Debug|Any CPU
		{A98BA0CE-1632-40D2-AA0A-1D6F4470510B}.Debug|iPhone.Build.0 = Debug|Any CPU
		{A98BA0CE-1632-40D2-AA0A-1D6F4470510B}.Debug|iPhoneSimulator.ActiveCfg = Debug|Any CPU
		{A98BA0CE-1632-40D2-AA0A-1D6F4470510B}.Debug|iPhoneSimulator.Build.0 = Debug|Any CPU
		{A98BA0CE-1632-40D2-AA0A-1D6F4470510B}.Debug|x64.ActiveCfg = Debug|Any CPU
		{A98BA0CE-1632-40D2-AA0A-1D6F4470510B}.Debug|x64.Build.0 = Debug|Any CPU
		{A98BA0CE-1632-40D2-AA0A-1D6F4470510B}.Debug|x86.ActiveCfg = Debug|Any CPU
		{A98BA0CE-1632-40D2-AA0A-1D6F4470510B}.Debug|x86.Build.0 = Debug|Any CPU
		{A98BA0CE-1632-40D2-AA0A-1D6F4470510B}.Release|Any CPU.ActiveCfg = Release|Any CPU
		{A98BA0CE-1632-40D2-AA0A-1D6F4470510B}.Release|Any CPU.Build.0 = Release|Any CPU
		{A98BA0CE-1632-40D2-AA0A-1D6F4470510B}.Release|ARM.ActiveCfg = Release|Any CPU
		{A98BA0CE-1632-40D2-AA0A-1D6F4470510B}.Release|ARM.Build.0 = Release|Any CPU
		{A98BA0CE-1632-40D2-AA0A-1D6F4470510B}.Release|iPhone.ActiveCfg = Release|Any CPU
		{A98BA0CE-1632-40D2-AA0A-1D6F4470510B}.Release|iPhone.Build.0 = Release|Any CPU
		{A98BA0CE-1632-40D2-AA0A-1D6F4470510B}.Release|iPhoneSimulator.ActiveCfg = Release|Any CPU
		{A98BA0CE-1632-40D2-AA0A-1D6F4470510B}.Release|iPhoneSimulator.Build.0 = Release|Any CPU
		{A98BA0CE-1632-40D2-AA0A-1D6F4470510B}.Release|x64.ActiveCfg = Release|Any CPU
		{A98BA0CE-1632-40D2-AA0A-1D6F4470510B}.Release|x64.Build.0 = Release|Any CPU
		{A98BA0CE-1632-40D2-AA0A-1D6F4470510B}.Release|x86.ActiveCfg = Release|Any CPU
		{A98BA0CE-1632-40D2-AA0A-1D6F4470510B}.Release|x86.Build.0 = Release|Any CPU
		{E1C84BCE-C75C-454D-9604-20247C41B92D}.Ad-Hoc|Any CPU.ActiveCfg = Release|Any CPU
		{E1C84BCE-C75C-454D-9604-20247C41B92D}.Ad-Hoc|Any CPU.Build.0 = Release|Any CPU
		{E1C84BCE-C75C-454D-9604-20247C41B92D}.Ad-Hoc|ARM.ActiveCfg = Release|Any CPU
		{E1C84BCE-C75C-454D-9604-20247C41B92D}.Ad-Hoc|ARM.Build.0 = Release|Any CPU
		{E1C84BCE-C75C-454D-9604-20247C41B92D}.Ad-Hoc|iPhone.ActiveCfg = Release|Any CPU
		{E1C84BCE-C75C-454D-9604-20247C41B92D}.Ad-Hoc|iPhone.Build.0 = Release|Any CPU
		{E1C84BCE-C75C-454D-9604-20247C41B92D}.Ad-Hoc|iPhoneSimulator.ActiveCfg = Release|Any CPU
		{E1C84BCE-C75C-454D-9604-20247C41B92D}.Ad-Hoc|iPhoneSimulator.Build.0 = Release|Any CPU
		{E1C84BCE-C75C-454D-9604-20247C41B92D}.Ad-Hoc|x64.ActiveCfg = Release|Any CPU
		{E1C84BCE-C75C-454D-9604-20247C41B92D}.Ad-Hoc|x64.Build.0 = Release|Any CPU
		{E1C84BCE-C75C-454D-9604-20247C41B92D}.Ad-Hoc|x86.ActiveCfg = Release|Any CPU
		{E1C84BCE-C75C-454D-9604-20247C41B92D}.Ad-Hoc|x86.Build.0 = Release|Any CPU
		{E1C84BCE-C75C-454D-9604-20247C41B92D}.AppStore|Any CPU.ActiveCfg = Release|Any CPU
		{E1C84BCE-C75C-454D-9604-20247C41B92D}.AppStore|Any CPU.Build.0 = Release|Any CPU
		{E1C84BCE-C75C-454D-9604-20247C41B92D}.AppStore|ARM.ActiveCfg = Release|Any CPU
		{E1C84BCE-C75C-454D-9604-20247C41B92D}.AppStore|ARM.Build.0 = Release|Any CPU
		{E1C84BCE-C75C-454D-9604-20247C41B92D}.AppStore|iPhone.ActiveCfg = Release|Any CPU
		{E1C84BCE-C75C-454D-9604-20247C41B92D}.AppStore|iPhone.Build.0 = Release|Any CPU
		{E1C84BCE-C75C-454D-9604-20247C41B92D}.AppStore|iPhoneSimulator.ActiveCfg = Release|Any CPU
		{E1C84BCE-C75C-454D-9604-20247C41B92D}.AppStore|iPhoneSimulator.Build.0 = Release|Any CPU
		{E1C84BCE-C75C-454D-9604-20247C41B92D}.AppStore|x64.ActiveCfg = Release|Any CPU
		{E1C84BCE-C75C-454D-9604-20247C41B92D}.AppStore|x64.Build.0 = Release|Any CPU
		{E1C84BCE-C75C-454D-9604-20247C41B92D}.AppStore|x86.ActiveCfg = Release|Any CPU
		{E1C84BCE-C75C-454D-9604-20247C41B92D}.AppStore|x86.Build.0 = Release|Any CPU
		{E1C84BCE-C75C-454D-9604-20247C41B92D}.Debug|Any CPU.ActiveCfg = Debug|Any CPU
		{E1C84BCE-C75C-454D-9604-20247C41B92D}.Debug|Any CPU.Build.0 = Debug|Any CPU
		{E1C84BCE-C75C-454D-9604-20247C41B92D}.Debug|ARM.ActiveCfg = Debug|Any CPU
		{E1C84BCE-C75C-454D-9604-20247C41B92D}.Debug|ARM.Build.0 = Debug|Any CPU
		{E1C84BCE-C75C-454D-9604-20247C41B92D}.Debug|iPhone.ActiveCfg = Debug|Any CPU
		{E1C84BCE-C75C-454D-9604-20247C41B92D}.Debug|iPhone.Build.0 = Debug|Any CPU
		{E1C84BCE-C75C-454D-9604-20247C41B92D}.Debug|iPhoneSimulator.ActiveCfg = Debug|Any CPU
		{E1C84BCE-C75C-454D-9604-20247C41B92D}.Debug|iPhoneSimulator.Build.0 = Debug|Any CPU
		{E1C84BCE-C75C-454D-9604-20247C41B92D}.Debug|x64.ActiveCfg = Debug|Any CPU
		{E1C84BCE-C75C-454D-9604-20247C41B92D}.Debug|x64.Build.0 = Debug|Any CPU
		{E1C84BCE-C75C-454D-9604-20247C41B92D}.Debug|x86.ActiveCfg = Debug|Any CPU
		{E1C84BCE-C75C-454D-9604-20247C41B92D}.Debug|x86.Build.0 = Debug|Any CPU
		{E1C84BCE-C75C-454D-9604-20247C41B92D}.Release|Any CPU.ActiveCfg = Release|Any CPU
		{E1C84BCE-C75C-454D-9604-20247C41B92D}.Release|Any CPU.Build.0 = Release|Any CPU
		{E1C84BCE-C75C-454D-9604-20247C41B92D}.Release|ARM.ActiveCfg = Release|Any CPU
		{E1C84BCE-C75C-454D-9604-20247C41B92D}.Release|ARM.Build.0 = Release|Any CPU
		{E1C84BCE-C75C-454D-9604-20247C41B92D}.Release|iPhone.ActiveCfg = Release|Any CPU
		{E1C84BCE-C75C-454D-9604-20247C41B92D}.Release|iPhone.Build.0 = Release|Any CPU
		{E1C84BCE-C75C-454D-9604-20247C41B92D}.Release|iPhoneSimulator.ActiveCfg = Release|Any CPU
		{E1C84BCE-C75C-454D-9604-20247C41B92D}.Release|iPhoneSimulator.Build.0 = Release|Any CPU
		{E1C84BCE-C75C-454D-9604-20247C41B92D}.Release|x64.ActiveCfg = Release|Any CPU
		{E1C84BCE-C75C-454D-9604-20247C41B92D}.Release|x64.Build.0 = Release|Any CPU
		{E1C84BCE-C75C-454D-9604-20247C41B92D}.Release|x86.ActiveCfg = Release|Any CPU
		{E1C84BCE-C75C-454D-9604-20247C41B92D}.Release|x86.Build.0 = Release|Any CPU
		{D321C435-5127-46C8-9195-237BA6A84C8B}.Ad-Hoc|Any CPU.ActiveCfg = Release|Any CPU
		{D321C435-5127-46C8-9195-237BA6A84C8B}.Ad-Hoc|Any CPU.Build.0 = Release|Any CPU
		{D321C435-5127-46C8-9195-237BA6A84C8B}.Ad-Hoc|ARM.ActiveCfg = Release|Any CPU
		{D321C435-5127-46C8-9195-237BA6A84C8B}.Ad-Hoc|ARM.Build.0 = Release|Any CPU
		{D321C435-5127-46C8-9195-237BA6A84C8B}.Ad-Hoc|iPhone.ActiveCfg = Release|Any CPU
		{D321C435-5127-46C8-9195-237BA6A84C8B}.Ad-Hoc|iPhone.Build.0 = Release|Any CPU
		{D321C435-5127-46C8-9195-237BA6A84C8B}.Ad-Hoc|iPhoneSimulator.ActiveCfg = Release|Any CPU
		{D321C435-5127-46C8-9195-237BA6A84C8B}.Ad-Hoc|iPhoneSimulator.Build.0 = Release|Any CPU
		{D321C435-5127-46C8-9195-237BA6A84C8B}.Ad-Hoc|x64.ActiveCfg = Release|Any CPU
		{D321C435-5127-46C8-9195-237BA6A84C8B}.Ad-Hoc|x64.Build.0 = Release|Any CPU
		{D321C435-5127-46C8-9195-237BA6A84C8B}.Ad-Hoc|x86.ActiveCfg = Release|Any CPU
		{D321C435-5127-46C8-9195-237BA6A84C8B}.Ad-Hoc|x86.Build.0 = Release|Any CPU
		{D321C435-5127-46C8-9195-237BA6A84C8B}.AppStore|Any CPU.ActiveCfg = Release|Any CPU
		{D321C435-5127-46C8-9195-237BA6A84C8B}.AppStore|Any CPU.Build.0 = Release|Any CPU
		{D321C435-5127-46C8-9195-237BA6A84C8B}.AppStore|ARM.ActiveCfg = Release|Any CPU
		{D321C435-5127-46C8-9195-237BA6A84C8B}.AppStore|ARM.Build.0 = Release|Any CPU
		{D321C435-5127-46C8-9195-237BA6A84C8B}.AppStore|iPhone.ActiveCfg = Release|Any CPU
		{D321C435-5127-46C8-9195-237BA6A84C8B}.AppStore|iPhone.Build.0 = Release|Any CPU
		{D321C435-5127-46C8-9195-237BA6A84C8B}.AppStore|iPhoneSimulator.ActiveCfg = Release|Any CPU
		{D321C435-5127-46C8-9195-237BA6A84C8B}.AppStore|iPhoneSimulator.Build.0 = Release|Any CPU
		{D321C435-5127-46C8-9195-237BA6A84C8B}.AppStore|x64.ActiveCfg = Release|Any CPU
		{D321C435-5127-46C8-9195-237BA6A84C8B}.AppStore|x64.Build.0 = Release|Any CPU
		{D321C435-5127-46C8-9195-237BA6A84C8B}.AppStore|x86.ActiveCfg = Release|Any CPU
		{D321C435-5127-46C8-9195-237BA6A84C8B}.AppStore|x86.Build.0 = Release|Any CPU
		{D321C435-5127-46C8-9195-237BA6A84C8B}.Debug|Any CPU.ActiveCfg = Debug|Any CPU
		{D321C435-5127-46C8-9195-237BA6A84C8B}.Debug|Any CPU.Build.0 = Debug|Any CPU
		{D321C435-5127-46C8-9195-237BA6A84C8B}.Debug|Any CPU.Deploy.0 = Debug|Any CPU
		{D321C435-5127-46C8-9195-237BA6A84C8B}.Debug|ARM.ActiveCfg = Debug|Any CPU
		{D321C435-5127-46C8-9195-237BA6A84C8B}.Debug|ARM.Build.0 = Debug|Any CPU
		{D321C435-5127-46C8-9195-237BA6A84C8B}.Debug|iPhone.ActiveCfg = Debug|Any CPU
		{D321C435-5127-46C8-9195-237BA6A84C8B}.Debug|iPhone.Build.0 = Debug|Any CPU
		{D321C435-5127-46C8-9195-237BA6A84C8B}.Debug|iPhoneSimulator.ActiveCfg = Debug|Any CPU
		{D321C435-5127-46C8-9195-237BA6A84C8B}.Debug|iPhoneSimulator.Build.0 = Debug|Any CPU
		{D321C435-5127-46C8-9195-237BA6A84C8B}.Debug|x64.ActiveCfg = Debug|Any CPU
		{D321C435-5127-46C8-9195-237BA6A84C8B}.Debug|x64.Build.0 = Debug|Any CPU
		{D321C435-5127-46C8-9195-237BA6A84C8B}.Debug|x86.ActiveCfg = Debug|Any CPU
		{D321C435-5127-46C8-9195-237BA6A84C8B}.Debug|x86.Build.0 = Debug|Any CPU
		{D321C435-5127-46C8-9195-237BA6A84C8B}.Release|Any CPU.ActiveCfg = Release|Any CPU
		{D321C435-5127-46C8-9195-237BA6A84C8B}.Release|Any CPU.Build.0 = Release|Any CPU
		{D321C435-5127-46C8-9195-237BA6A84C8B}.Release|Any CPU.Deploy.0 = Release|Any CPU
		{D321C435-5127-46C8-9195-237BA6A84C8B}.Release|ARM.ActiveCfg = Release|Any CPU
		{D321C435-5127-46C8-9195-237BA6A84C8B}.Release|ARM.Build.0 = Release|Any CPU
		{D321C435-5127-46C8-9195-237BA6A84C8B}.Release|iPhone.ActiveCfg = Release|Any CPU
		{D321C435-5127-46C8-9195-237BA6A84C8B}.Release|iPhone.Build.0 = Release|Any CPU
		{D321C435-5127-46C8-9195-237BA6A84C8B}.Release|iPhoneSimulator.ActiveCfg = Release|Any CPU
		{D321C435-5127-46C8-9195-237BA6A84C8B}.Release|iPhoneSimulator.Build.0 = Release|Any CPU
		{D321C435-5127-46C8-9195-237BA6A84C8B}.Release|x64.ActiveCfg = Release|Any CPU
		{D321C435-5127-46C8-9195-237BA6A84C8B}.Release|x64.Build.0 = Release|Any CPU
		{D321C435-5127-46C8-9195-237BA6A84C8B}.Release|x86.ActiveCfg = Release|Any CPU
		{D321C435-5127-46C8-9195-237BA6A84C8B}.Release|x86.Build.0 = Release|Any CPU
		{0F801BBB-EDB2-4671-BA2B-270B132D21D1}.Ad-Hoc|Any CPU.ActiveCfg = Release|Any CPU
		{0F801BBB-EDB2-4671-BA2B-270B132D21D1}.Ad-Hoc|Any CPU.Build.0 = Release|Any CPU
		{0F801BBB-EDB2-4671-BA2B-270B132D21D1}.Ad-Hoc|ARM.ActiveCfg = Release|Any CPU
		{0F801BBB-EDB2-4671-BA2B-270B132D21D1}.Ad-Hoc|ARM.Build.0 = Release|Any CPU
		{0F801BBB-EDB2-4671-BA2B-270B132D21D1}.Ad-Hoc|iPhone.ActiveCfg = Release|Any CPU
		{0F801BBB-EDB2-4671-BA2B-270B132D21D1}.Ad-Hoc|iPhone.Build.0 = Release|Any CPU
		{0F801BBB-EDB2-4671-BA2B-270B132D21D1}.Ad-Hoc|iPhoneSimulator.ActiveCfg = Release|Any CPU
		{0F801BBB-EDB2-4671-BA2B-270B132D21D1}.Ad-Hoc|iPhoneSimulator.Build.0 = Release|Any CPU
		{0F801BBB-EDB2-4671-BA2B-270B132D21D1}.Ad-Hoc|x64.ActiveCfg = Release|Any CPU
		{0F801BBB-EDB2-4671-BA2B-270B132D21D1}.Ad-Hoc|x64.Build.0 = Release|Any CPU
		{0F801BBB-EDB2-4671-BA2B-270B132D21D1}.Ad-Hoc|x86.ActiveCfg = Release|Any CPU
		{0F801BBB-EDB2-4671-BA2B-270B132D21D1}.Ad-Hoc|x86.Build.0 = Release|Any CPU
		{0F801BBB-EDB2-4671-BA2B-270B132D21D1}.AppStore|Any CPU.ActiveCfg = Release|Any CPU
		{0F801BBB-EDB2-4671-BA2B-270B132D21D1}.AppStore|Any CPU.Build.0 = Release|Any CPU
		{0F801BBB-EDB2-4671-BA2B-270B132D21D1}.AppStore|ARM.ActiveCfg = Release|Any CPU
		{0F801BBB-EDB2-4671-BA2B-270B132D21D1}.AppStore|ARM.Build.0 = Release|Any CPU
		{0F801BBB-EDB2-4671-BA2B-270B132D21D1}.AppStore|iPhone.ActiveCfg = Release|Any CPU
		{0F801BBB-EDB2-4671-BA2B-270B132D21D1}.AppStore|iPhone.Build.0 = Release|Any CPU
		{0F801BBB-EDB2-4671-BA2B-270B132D21D1}.AppStore|iPhoneSimulator.ActiveCfg = Release|Any CPU
		{0F801BBB-EDB2-4671-BA2B-270B132D21D1}.AppStore|iPhoneSimulator.Build.0 = Release|Any CPU
		{0F801BBB-EDB2-4671-BA2B-270B132D21D1}.AppStore|x64.ActiveCfg = Release|Any CPU
		{0F801BBB-EDB2-4671-BA2B-270B132D21D1}.AppStore|x64.Build.0 = Release|Any CPU
		{0F801BBB-EDB2-4671-BA2B-270B132D21D1}.AppStore|x86.ActiveCfg = Release|Any CPU
		{0F801BBB-EDB2-4671-BA2B-270B132D21D1}.AppStore|x86.Build.0 = Release|Any CPU
		{0F801BBB-EDB2-4671-BA2B-270B132D21D1}.Debug|Any CPU.ActiveCfg = Debug|Any CPU
		{0F801BBB-EDB2-4671-BA2B-270B132D21D1}.Debug|Any CPU.Build.0 = Debug|Any CPU
		{0F801BBB-EDB2-4671-BA2B-270B132D21D1}.Debug|ARM.ActiveCfg = Debug|Any CPU
		{0F801BBB-EDB2-4671-BA2B-270B132D21D1}.Debug|ARM.Build.0 = Debug|Any CPU
		{0F801BBB-EDB2-4671-BA2B-270B132D21D1}.Debug|iPhone.ActiveCfg = Debug|Any CPU
		{0F801BBB-EDB2-4671-BA2B-270B132D21D1}.Debug|iPhone.Build.0 = Debug|Any CPU
		{0F801BBB-EDB2-4671-BA2B-270B132D21D1}.Debug|iPhoneSimulator.ActiveCfg = Debug|Any CPU
		{0F801BBB-EDB2-4671-BA2B-270B132D21D1}.Debug|iPhoneSimulator.Build.0 = Debug|Any CPU
		{0F801BBB-EDB2-4671-BA2B-270B132D21D1}.Debug|x64.ActiveCfg = Debug|Any CPU
		{0F801BBB-EDB2-4671-BA2B-270B132D21D1}.Debug|x64.Build.0 = Debug|Any CPU
		{0F801BBB-EDB2-4671-BA2B-270B132D21D1}.Debug|x86.ActiveCfg = Debug|Any CPU
		{0F801BBB-EDB2-4671-BA2B-270B132D21D1}.Debug|x86.Build.0 = Debug|Any CPU
		{0F801BBB-EDB2-4671-BA2B-270B132D21D1}.Release|Any CPU.ActiveCfg = Release|Any CPU
		{0F801BBB-EDB2-4671-BA2B-270B132D21D1}.Release|Any CPU.Build.0 = Release|Any CPU
		{0F801BBB-EDB2-4671-BA2B-270B132D21D1}.Release|ARM.ActiveCfg = Release|Any CPU
		{0F801BBB-EDB2-4671-BA2B-270B132D21D1}.Release|ARM.Build.0 = Release|Any CPU
		{0F801BBB-EDB2-4671-BA2B-270B132D21D1}.Release|iPhone.ActiveCfg = Release|Any CPU
		{0F801BBB-EDB2-4671-BA2B-270B132D21D1}.Release|iPhone.Build.0 = Release|Any CPU
		{0F801BBB-EDB2-4671-BA2B-270B132D21D1}.Release|iPhoneSimulator.ActiveCfg = Release|Any CPU
		{0F801BBB-EDB2-4671-BA2B-270B132D21D1}.Release|iPhoneSimulator.Build.0 = Release|Any CPU
		{0F801BBB-EDB2-4671-BA2B-270B132D21D1}.Release|x64.ActiveCfg = Release|Any CPU
		{0F801BBB-EDB2-4671-BA2B-270B132D21D1}.Release|x64.Build.0 = Release|Any CPU
		{0F801BBB-EDB2-4671-BA2B-270B132D21D1}.Release|x86.ActiveCfg = Release|Any CPU
		{0F801BBB-EDB2-4671-BA2B-270B132D21D1}.Release|x86.Build.0 = Release|Any CPU
		{4C47AB88-EED6-4380-9FDB-02C0E85BB21B}.Ad-Hoc|Any CPU.ActiveCfg = Release|x64
		{4C47AB88-EED6-4380-9FDB-02C0E85BB21B}.Ad-Hoc|Any CPU.Build.0 = Release|x64
		{4C47AB88-EED6-4380-9FDB-02C0E85BB21B}.Ad-Hoc|Any CPU.Deploy.0 = Release|x64
		{4C47AB88-EED6-4380-9FDB-02C0E85BB21B}.Ad-Hoc|ARM.ActiveCfg = Release|ARM
		{4C47AB88-EED6-4380-9FDB-02C0E85BB21B}.Ad-Hoc|ARM.Build.0 = Release|ARM
		{4C47AB88-EED6-4380-9FDB-02C0E85BB21B}.Ad-Hoc|ARM.Deploy.0 = Release|ARM
		{4C47AB88-EED6-4380-9FDB-02C0E85BB21B}.Ad-Hoc|ARM64.ActiveCfg = Release|ARM64
		{4C47AB88-EED6-4380-9FDB-02C0E85BB21B}.Ad-Hoc|ARM64.Build.0 = Release|ARM64
		{4C47AB88-EED6-4380-9FDB-02C0E85BB21B}.Ad-Hoc|ARM64.Deploy.0 = Release|ARM64
		{4C47AB88-EED6-4380-9FDB-02C0E85BB21B}.Ad-Hoc|iPhone.ActiveCfg = Release|x64
		{4C47AB88-EED6-4380-9FDB-02C0E85BB21B}.Ad-Hoc|iPhone.Build.0 = Release|x64
		{4C47AB88-EED6-4380-9FDB-02C0E85BB21B}.Ad-Hoc|iPhone.Deploy.0 = Release|x64
		{4C47AB88-EED6-4380-9FDB-02C0E85BB21B}.Ad-Hoc|iPhoneSimulator.ActiveCfg = Release|x64
		{4C47AB88-EED6-4380-9FDB-02C0E85BB21B}.Ad-Hoc|iPhoneSimulator.Build.0 = Release|x64
		{4C47AB88-EED6-4380-9FDB-02C0E85BB21B}.Ad-Hoc|iPhoneSimulator.Deploy.0 = Release|x64
		{4C47AB88-EED6-4380-9FDB-02C0E85BB21B}.Ad-Hoc|x64.ActiveCfg = Release|x64
		{4C47AB88-EED6-4380-9FDB-02C0E85BB21B}.Ad-Hoc|x64.Build.0 = Release|x64
		{4C47AB88-EED6-4380-9FDB-02C0E85BB21B}.Ad-Hoc|x64.Deploy.0 = Release|x64
		{4C47AB88-EED6-4380-9FDB-02C0E85BB21B}.Ad-Hoc|x86.ActiveCfg = Release|x86
		{4C47AB88-EED6-4380-9FDB-02C0E85BB21B}.Ad-Hoc|x86.Build.0 = Release|x86
		{4C47AB88-EED6-4380-9FDB-02C0E85BB21B}.Ad-Hoc|x86.Deploy.0 = Release|x86
		{4C47AB88-EED6-4380-9FDB-02C0E85BB21B}.AppStore|Any CPU.ActiveCfg = Release|x64
		{4C47AB88-EED6-4380-9FDB-02C0E85BB21B}.AppStore|Any CPU.Build.0 = Release|x64
		{4C47AB88-EED6-4380-9FDB-02C0E85BB21B}.AppStore|Any CPU.Deploy.0 = Release|x64
		{4C47AB88-EED6-4380-9FDB-02C0E85BB21B}.AppStore|ARM.ActiveCfg = Release|ARM
		{4C47AB88-EED6-4380-9FDB-02C0E85BB21B}.AppStore|ARM.Build.0 = Release|ARM
		{4C47AB88-EED6-4380-9FDB-02C0E85BB21B}.AppStore|ARM.Deploy.0 = Release|ARM
		{4C47AB88-EED6-4380-9FDB-02C0E85BB21B}.AppStore|ARM64.ActiveCfg = Release|ARM64
		{4C47AB88-EED6-4380-9FDB-02C0E85BB21B}.AppStore|ARM64.Build.0 = Release|ARM64
		{4C47AB88-EED6-4380-9FDB-02C0E85BB21B}.AppStore|ARM64.Deploy.0 = Release|ARM64
		{4C47AB88-EED6-4380-9FDB-02C0E85BB21B}.AppStore|iPhone.ActiveCfg = Release|x64
		{4C47AB88-EED6-4380-9FDB-02C0E85BB21B}.AppStore|iPhone.Build.0 = Release|x64
		{4C47AB88-EED6-4380-9FDB-02C0E85BB21B}.AppStore|iPhone.Deploy.0 = Release|x64
		{4C47AB88-EED6-4380-9FDB-02C0E85BB21B}.AppStore|iPhoneSimulator.ActiveCfg = Release|x64
		{4C47AB88-EED6-4380-9FDB-02C0E85BB21B}.AppStore|iPhoneSimulator.Build.0 = Release|x64
		{4C47AB88-EED6-4380-9FDB-02C0E85BB21B}.AppStore|iPhoneSimulator.Deploy.0 = Release|x64
		{4C47AB88-EED6-4380-9FDB-02C0E85BB21B}.AppStore|x64.ActiveCfg = Release|x64
		{4C47AB88-EED6-4380-9FDB-02C0E85BB21B}.AppStore|x64.Build.0 = Release|x64
		{4C47AB88-EED6-4380-9FDB-02C0E85BB21B}.AppStore|x64.Deploy.0 = Release|x64
		{4C47AB88-EED6-4380-9FDB-02C0E85BB21B}.AppStore|x86.ActiveCfg = Release|x86
		{4C47AB88-EED6-4380-9FDB-02C0E85BB21B}.AppStore|x86.Build.0 = Release|x86
		{4C47AB88-EED6-4380-9FDB-02C0E85BB21B}.AppStore|x86.Deploy.0 = Release|x86
		{4C47AB88-EED6-4380-9FDB-02C0E85BB21B}.Debug|Any CPU.ActiveCfg = Debug|x86
		{4C47AB88-EED6-4380-9FDB-02C0E85BB21B}.Debug|ARM.ActiveCfg = Debug|ARM
		{4C47AB88-EED6-4380-9FDB-02C0E85BB21B}.Debug|ARM.Build.0 = Debug|ARM
		{4C47AB88-EED6-4380-9FDB-02C0E85BB21B}.Debug|ARM.Deploy.0 = Debug|ARM
		{4C47AB88-EED6-4380-9FDB-02C0E85BB21B}.Debug|ARM64.ActiveCfg = Debug|ARM64
		{4C47AB88-EED6-4380-9FDB-02C0E85BB21B}.Debug|ARM64.Build.0 = Debug|ARM64
		{4C47AB88-EED6-4380-9FDB-02C0E85BB21B}.Debug|ARM64.Deploy.0 = Debug|ARM64
		{4C47AB88-EED6-4380-9FDB-02C0E85BB21B}.Debug|iPhone.ActiveCfg = Debug|x86
		{4C47AB88-EED6-4380-9FDB-02C0E85BB21B}.Debug|iPhoneSimulator.ActiveCfg = Debug|x86
		{4C47AB88-EED6-4380-9FDB-02C0E85BB21B}.Debug|x64.ActiveCfg = Debug|x64
		{4C47AB88-EED6-4380-9FDB-02C0E85BB21B}.Debug|x64.Build.0 = Debug|x64
		{4C47AB88-EED6-4380-9FDB-02C0E85BB21B}.Debug|x64.Deploy.0 = Debug|x64
		{4C47AB88-EED6-4380-9FDB-02C0E85BB21B}.Debug|x86.ActiveCfg = Debug|x86
		{4C47AB88-EED6-4380-9FDB-02C0E85BB21B}.Debug|x86.Build.0 = Debug|x86
		{4C47AB88-EED6-4380-9FDB-02C0E85BB21B}.Debug|x86.Deploy.0 = Debug|x86
		{4C47AB88-EED6-4380-9FDB-02C0E85BB21B}.Release|Any CPU.ActiveCfg = Release|x86
		{4C47AB88-EED6-4380-9FDB-02C0E85BB21B}.Release|ARM.ActiveCfg = Release|ARM
		{4C47AB88-EED6-4380-9FDB-02C0E85BB21B}.Release|ARM.Build.0 = Release|ARM
		{4C47AB88-EED6-4380-9FDB-02C0E85BB21B}.Release|ARM.Deploy.0 = Release|ARM
		{4C47AB88-EED6-4380-9FDB-02C0E85BB21B}.Release|ARM64.ActiveCfg = Release|ARM64
		{4C47AB88-EED6-4380-9FDB-02C0E85BB21B}.Release|ARM64.Build.0 = Release|ARM64
		{4C47AB88-EED6-4380-9FDB-02C0E85BB21B}.Release|ARM64.Deploy.0 = Release|ARM64
		{4C47AB88-EED6-4380-9FDB-02C0E85BB21B}.Release|iPhone.ActiveCfg = Release|x86
		{4C47AB88-EED6-4380-9FDB-02C0E85BB21B}.Release|iPhoneSimulator.ActiveCfg = Release|x86
		{4C47AB88-EED6-4380-9FDB-02C0E85BB21B}.Release|x64.ActiveCfg = Release|x64
		{4C47AB88-EED6-4380-9FDB-02C0E85BB21B}.Release|x64.Build.0 = Release|x64
		{4C47AB88-EED6-4380-9FDB-02C0E85BB21B}.Release|x64.Deploy.0 = Release|x64
		{4C47AB88-EED6-4380-9FDB-02C0E85BB21B}.Release|x86.ActiveCfg = Release|x86
		{4C47AB88-EED6-4380-9FDB-02C0E85BB21B}.Release|x86.Build.0 = Release|x86
		{4C47AB88-EED6-4380-9FDB-02C0E85BB21B}.Release|x86.Deploy.0 = Release|x86
	EndGlobalSection
	GlobalSection(SolutionProperties) = preSolution
		HideSolutionNode = FALSE
	EndGlobalSection
	GlobalSection(ExtensibilityGlobals) = postSolution
		SolutionGuid = {F6D05029-56B8-4E45-AF2D-0E76295DDBA2}
	EndGlobalSection
EndGlobal
